// !$*UTF8*$!
{
	archiveVersion = 1;
	classes = {
	};
	objectVersion = 55;
	objects = {

/* Begin PBXBuildFile section */
		DCA1AAB9279D7B4F002194B4 /* FirebaseAuth in Frameworks */ = {isa = PBXBuildFile; productRef = DCA1AAB8279D7B4F002194B4 /* FirebaseAuth */; };
		DCA1AABB279D7B4F002194B4 /* FirebaseMessaging in Frameworks */ = {isa = PBXBuildFile; productRef = DCA1AABA279D7B4F002194B4 /* FirebaseMessaging */; };
		DCDE36632799A0010077847C /* Toast in Frameworks */ = {isa = PBXBuildFile; productRef = DCDE36622799A0010077847C /* Toast */; };
		DCDE36652799A0300077847C /* Toast+Extension.swift in Sources */ = {isa = PBXBuildFile; fileRef = DCDE36642799A0300077847C /* Toast+Extension.swift */; };
		DCDE36672799B1440077847C /* LoginConfirmViewController.swift in Sources */ = {isa = PBXBuildFile; fileRef = DCDE36662799B1440077847C /* LoginConfirmViewController.swift */; };
		DCDE36692799BE190077847C /* NicknameViewController.swift in Sources */ = {isa = PBXBuildFile; fileRef = DCDE36682799BE190077847C /* NicknameViewController.swift */; };
		DCDE366B2799C0BD0077847C /* BirthViewController.swift in Sources */ = {isa = PBXBuildFile; fileRef = DCDE366A2799C0BD0077847C /* BirthViewController.swift */; };
		DCDE366D279A9A4D0077847C /* EmailViewController.swift in Sources */ = {isa = PBXBuildFile; fileRef = DCDE366C279A9A4C0077847C /* EmailViewController.swift */; };
		DCDE366F279AB8920077847C /* GenderViewController.swift in Sources */ = {isa = PBXBuildFile; fileRef = DCDE366E279AB8920077847C /* GenderViewController.swift */; };
		DCDE3672279C3A950077847C /* MainViewController.swift in Sources */ = {isa = PBXBuildFile; fileRef = DCDE3671279C3A940077847C /* MainViewController.swift */; };
		DCDE3675279C44860077847C /* IQKeyboardManagerSwift in Frameworks */ = {isa = PBXBuildFile; productRef = DCDE3674279C44860077847C /* IQKeyboardManagerSwift */; };
		DCE2D1BC279694720018895F /* AppDelegate.swift in Sources */ = {isa = PBXBuildFile; fileRef = DCE2D1BB279694720018895F /* AppDelegate.swift */; };
		DCE2D1BE279694720018895F /* SceneDelegate.swift in Sources */ = {isa = PBXBuildFile; fileRef = DCE2D1BD279694720018895F /* SceneDelegate.swift */; };
		DCE2D1C0279694720018895F /* ViewController.swift in Sources */ = {isa = PBXBuildFile; fileRef = DCE2D1BF279694720018895F /* ViewController.swift */; };
		DCE2D1C3279694720018895F /* Main.storyboard in Resources */ = {isa = PBXBuildFile; fileRef = DCE2D1C1279694720018895F /* Main.storyboard */; };
		DCE2D1C5279694750018895F /* Assets.xcassets in Resources */ = {isa = PBXBuildFile; fileRef = DCE2D1C4279694750018895F /* Assets.xcassets */; };
		DCE2D1C8279694750018895F /* LaunchScreen.storyboard in Resources */ = {isa = PBXBuildFile; fileRef = DCE2D1C6279694750018895F /* LaunchScreen.storyboard */; };
		DCE2D1D0279694BE0018895F /* GoogleService-Info.plist in Resources */ = {isa = PBXBuildFile; fileRef = DCE2D1CF279694BE0018895F /* GoogleService-Info.plist */; };
		DCE2D1D527969AB60018895F /* UserAuthentificationMessageViewController.swift in Sources */ = {isa = PBXBuildFile; fileRef = DCE2D1D427969AB60018895F /* UserAuthentificationMessageViewController.swift */; };
		DCE2D1D827969AE10018895F /* SnapKit in Frameworks */ = {isa = PBXBuildFile; productRef = DCE2D1D727969AE10018895F /* SnapKit */; };
		DCE2D1DC2796A9080018895F /* MainButton.swift in Sources */ = {isa = PBXBuildFile; fileRef = DCE2D1DB2796A9080018895F /* MainButton.swift */; };
		DCE2D1DE2796C9D50018895F /* MainButtonStatus.swift in Sources */ = {isa = PBXBuildFile; fileRef = DCE2D1DD2796C9D40018895F /* MainButtonStatus.swift */; };
		DCE2D1E12796CCD30018895F /* MainTextFieldStatus.swift in Sources */ = {isa = PBXBuildFile; fileRef = DCE2D1E02796CCD30018895F /* MainTextFieldStatus.swift */; };
		DCE2D1E32796D5310018895F /* ChatTextFieldStatus.swift in Sources */ = {isa = PBXBuildFile; fileRef = DCE2D1E22796D5310018895F /* ChatTextFieldStatus.swift */; };
		DCE2D1E62796D6DF0018895F /* NotoSansKR-Medium.otf in Resources */ = {isa = PBXBuildFile; fileRef = DCE2D1E52796D6DF0018895F /* NotoSansKR-Medium.otf */; };
		DCE2D1E82796D6EC0018895F /* NotoSansKR-Regular.otf in Resources */ = {isa = PBXBuildFile; fileRef = DCE2D1E72796D6EC0018895F /* NotoSansKR-Regular.otf */; };
		DCE2D1EB2796DB8C0018895F /* UIColor+Extension.swift in Sources */ = {isa = PBXBuildFile; fileRef = DCE2D1EA2796DB8C0018895F /* UIColor+Extension.swift */; };
		DCE2D1ED2796FF950018895F /* UIFont+Extension.swift in Sources */ = {isa = PBXBuildFile; fileRef = DCE2D1EC2796FF950018895F /* UIFont+Extension.swift */; };
		DCE2D1F027970E000018895F /* LoginViewController.swift in Sources */ = {isa = PBXBuildFile; fileRef = DCE2D1EF27970E000018895F /* LoginViewController.swift */; };
		DCE2D1F427979C020018895F /* MainTextFieldView.swift in Sources */ = {isa = PBXBuildFile; fileRef = DCE2D1F327979C010018895F /* MainTextFieldView.swift */; };
		DCE2D1F72797F3320018895F /* MainTextFieldTestViewController.swift in Sources */ = {isa = PBXBuildFile; fileRef = DCE2D1F52797CD680018895F /* MainTextFieldTestViewController.swift */; };
		DCE2D1FA279809D40018895F /* MainButtonTestViewController.swift in Sources */ = {isa = PBXBuildFile; fileRef = DCE2D1F9279809D40018895F /* MainButtonTestViewController.swift */; };
		DCE2D20027985D5F0018895F /* RxCocoa in Frameworks */ = {isa = PBXBuildFile; productRef = DCE2D1FF27985D5F0018895F /* RxCocoa */; };
		DCE2D20227985D5F0018895F /* RxSwift in Frameworks */ = {isa = PBXBuildFile; productRef = DCE2D20127985D5F0018895F /* RxSwift */; };
/* End PBXBuildFile section */

/* Begin PBXFileReference section */
		DCDE36642799A0300077847C /* Toast+Extension.swift */ = {isa = PBXFileReference; lastKnownFileType = sourcecode.swift; path = "Toast+Extension.swift"; sourceTree = "<group>"; };
		DCDE36662799B1440077847C /* LoginConfirmViewController.swift */ = {isa = PBXFileReference; lastKnownFileType = sourcecode.swift; path = LoginConfirmViewController.swift; sourceTree = "<group>"; };
		DCDE36682799BE190077847C /* NicknameViewController.swift */ = {isa = PBXFileReference; lastKnownFileType = sourcecode.swift; path = NicknameViewController.swift; sourceTree = "<group>"; };
		DCDE366A2799C0BD0077847C /* BirthViewController.swift */ = {isa = PBXFileReference; lastKnownFileType = sourcecode.swift; path = BirthViewController.swift; sourceTree = "<group>"; };
		DCDE366C279A9A4C0077847C /* EmailViewController.swift */ = {isa = PBXFileReference; lastKnownFileType = sourcecode.swift; path = EmailViewController.swift; sourceTree = "<group>"; };
		DCDE366E279AB8920077847C /* GenderViewController.swift */ = {isa = PBXFileReference; lastKnownFileType = sourcecode.swift; path = GenderViewController.swift; sourceTree = "<group>"; };
		DCDE3671279C3A940077847C /* MainViewController.swift */ = {isa = PBXFileReference; lastKnownFileType = sourcecode.swift; path = MainViewController.swift; sourceTree = "<group>"; };
		DCE2D1B8279694720018895F /* SeSAC_Friends.app */ = {isa = PBXFileReference; explicitFileType = wrapper.application; includeInIndex = 0; path = SeSAC_Friends.app; sourceTree = BUILT_PRODUCTS_DIR; };
		DCE2D1BB279694720018895F /* AppDelegate.swift */ = {isa = PBXFileReference; lastKnownFileType = sourcecode.swift; path = AppDelegate.swift; sourceTree = "<group>"; };
		DCE2D1BD279694720018895F /* SceneDelegate.swift */ = {isa = PBXFileReference; lastKnownFileType = sourcecode.swift; path = SceneDelegate.swift; sourceTree = "<group>"; };
		DCE2D1BF279694720018895F /* ViewController.swift */ = {isa = PBXFileReference; lastKnownFileType = sourcecode.swift; path = ViewController.swift; sourceTree = "<group>"; };
		DCE2D1C2279694720018895F /* Base */ = {isa = PBXFileReference; lastKnownFileType = file.storyboard; name = Base; path = Base.lproj/Main.storyboard; sourceTree = "<group>"; };
		DCE2D1C4279694750018895F /* Assets.xcassets */ = {isa = PBXFileReference; lastKnownFileType = folder.assetcatalog; path = Assets.xcassets; sourceTree = "<group>"; };
		DCE2D1C7279694750018895F /* Base */ = {isa = PBXFileReference; lastKnownFileType = file.storyboard; name = Base; path = Base.lproj/LaunchScreen.storyboard; sourceTree = "<group>"; };
		DCE2D1C9279694750018895F /* Info.plist */ = {isa = PBXFileReference; lastKnownFileType = text.plist.xml; path = Info.plist; sourceTree = "<group>"; };
		DCE2D1CF279694BE0018895F /* GoogleService-Info.plist */ = {isa = PBXFileReference; fileEncoding = 4; lastKnownFileType = text.plist.xml; name = "GoogleService-Info.plist"; path = "../../../Desktop/SeSAC_자료/강의자료/SeSAC_SPL/GoogleService-Info.plist"; sourceTree = "<group>"; };
		DCE2D1D427969AB60018895F /* UserAuthentificationMessageViewController.swift */ = {isa = PBXFileReference; lastKnownFileType = sourcecode.swift; path = UserAuthentificationMessageViewController.swift; sourceTree = "<group>"; };
		DCE2D1DB2796A9080018895F /* MainButton.swift */ = {isa = PBXFileReference; lastKnownFileType = sourcecode.swift; path = MainButton.swift; sourceTree = "<group>"; };
		DCE2D1DD2796C9D40018895F /* MainButtonStatus.swift */ = {isa = PBXFileReference; lastKnownFileType = sourcecode.swift; path = MainButtonStatus.swift; sourceTree = "<group>"; };
		DCE2D1E02796CCD30018895F /* MainTextFieldStatus.swift */ = {isa = PBXFileReference; lastKnownFileType = sourcecode.swift; path = MainTextFieldStatus.swift; sourceTree = "<group>"; };
		DCE2D1E22796D5310018895F /* ChatTextFieldStatus.swift */ = {isa = PBXFileReference; lastKnownFileType = sourcecode.swift; path = ChatTextFieldStatus.swift; sourceTree = "<group>"; };
		DCE2D1E52796D6DF0018895F /* NotoSansKR-Medium.otf */ = {isa = PBXFileReference; lastKnownFileType = file; name = "NotoSansKR-Medium.otf"; path = "../../../../Downloads/Noto_Sans_KR/NotoSansKR-Medium.otf"; sourceTree = "<group>"; };
		DCE2D1E72796D6EC0018895F /* NotoSansKR-Regular.otf */ = {isa = PBXFileReference; lastKnownFileType = file; name = "NotoSansKR-Regular.otf"; path = "../../../../Downloads/Noto_Sans_KR/NotoSansKR-Regular.otf"; sourceTree = "<group>"; };
		DCE2D1EA2796DB8C0018895F /* UIColor+Extension.swift */ = {isa = PBXFileReference; lastKnownFileType = sourcecode.swift; path = "UIColor+Extension.swift"; sourceTree = "<group>"; };
		DCE2D1EC2796FF950018895F /* UIFont+Extension.swift */ = {isa = PBXFileReference; lastKnownFileType = sourcecode.swift; path = "UIFont+Extension.swift"; sourceTree = "<group>"; };
		DCE2D1EF27970E000018895F /* LoginViewController.swift */ = {isa = PBXFileReference; lastKnownFileType = sourcecode.swift; path = LoginViewController.swift; sourceTree = "<group>"; };
		DCE2D1F327979C010018895F /* MainTextFieldView.swift */ = {isa = PBXFileReference; lastKnownFileType = sourcecode.swift; path = MainTextFieldView.swift; sourceTree = "<group>"; };
		DCE2D1F52797CD680018895F /* MainTextFieldTestViewController.swift */ = {isa = PBXFileReference; lastKnownFileType = sourcecode.swift; path = MainTextFieldTestViewController.swift; sourceTree = "<group>"; };
		DCE2D1F9279809D40018895F /* MainButtonTestViewController.swift */ = {isa = PBXFileReference; lastKnownFileType = sourcecode.swift; path = MainButtonTestViewController.swift; sourceTree = "<group>"; };
/* End PBXFileReference section */

/* Begin PBXFrameworksBuildPhase section */
		DCE2D1B5279694720018895F /* Frameworks */ = {
			isa = PBXFrameworksBuildPhase;
			buildActionMask = 2147483647;
			files = (
				DCE2D20027985D5F0018895F /* RxCocoa in Frameworks */,
				DCA1AAB9279D7B4F002194B4 /* FirebaseAuth in Frameworks */,
				DCA1AABB279D7B4F002194B4 /* FirebaseMessaging in Frameworks */,
				DCE2D20227985D5F0018895F /* RxSwift in Frameworks */,
				DCDE36632799A0010077847C /* Toast in Frameworks */,
				DCE2D1D827969AE10018895F /* SnapKit in Frameworks */,
				DCDE3675279C44860077847C /* IQKeyboardManagerSwift in Frameworks */,
			);
			runOnlyForDeploymentPostprocessing = 0;
		};
/* End PBXFrameworksBuildPhase section */

/* Begin PBXGroup section */
		DCDE3670279C3A790077847C /* Main */ = {
			isa = PBXGroup;
			children = (
				DCDE3671279C3A940077847C /* MainViewController.swift */,
			);
			path = Main;
			sourceTree = "<group>";
		};
		DCE2D1AF279694720018895F = {
			isa = PBXGroup;
			children = (
				DCE2D1BA279694720018895F /* SeSAC_Friends */,
				DCE2D1B9279694720018895F /* Products */,
			);
			sourceTree = "<group>";
		};
		DCE2D1B9279694720018895F /* Products */ = {
			isa = PBXGroup;
			children = (
				DCE2D1B8279694720018895F /* SeSAC_Friends.app */,
			);
			name = Products;
			sourceTree = "<group>";
		};
		DCE2D1BA279694720018895F /* SeSAC_Friends */ = {
			isa = PBXGroup;
			children = (
				DCDE3670279C3A790077847C /* Main */,
				DCE2D1EE27970DEC0018895F /* Authorization */,
				DCE2D1E92796DB820018895F /* Extension */,
				DCE2D1E42796D6D00018895F /* Font */,
				DCE2D1DF2796CCC30018895F /* TextField */,
				DCE2D1DA2796A8E30018895F /* Button */,
				DCE2D1BB279694720018895F /* AppDelegate.swift */,
				DCE2D1BD279694720018895F /* SceneDelegate.swift */,
				DCE2D1BF279694720018895F /* ViewController.swift */,
				DCE2D1C1279694720018895F /* Main.storyboard */,
				DCE2D1C4279694750018895F /* Assets.xcassets */,
				DCE2D1D427969AB60018895F /* UserAuthentificationMessageViewController.swift */,
				DCE2D1C6279694750018895F /* LaunchScreen.storyboard */,
				DCE2D1CF279694BE0018895F /* GoogleService-Info.plist */,
				DCE2D1C9279694750018895F /* Info.plist */,
			);
			path = SeSAC_Friends;
			sourceTree = "<group>";
		};
		DCE2D1DA2796A8E30018895F /* Button */ = {
			isa = PBXGroup;
			children = (
				DCE2D1DD2796C9D40018895F /* MainButtonStatus.swift */,
				DCE2D1DB2796A9080018895F /* MainButton.swift */,
				DCE2D1F9279809D40018895F /* MainButtonTestViewController.swift */,
			);
			path = Button;
			sourceTree = "<group>";
		};
		DCE2D1DF2796CCC30018895F /* TextField */ = {
			isa = PBXGroup;
			children = (
				DCE2D1E02796CCD30018895F /* MainTextFieldStatus.swift */,
				DCE2D1E22796D5310018895F /* ChatTextFieldStatus.swift */,
				DCE2D1F327979C010018895F /* MainTextFieldView.swift */,
				DCE2D1F52797CD680018895F /* MainTextFieldTestViewController.swift */,
			);
			path = TextField;
			sourceTree = "<group>";
		};
		DCE2D1E42796D6D00018895F /* Font */ = {
			isa = PBXGroup;
			children = (
				DCE2D1E52796D6DF0018895F /* NotoSansKR-Medium.otf */,
				DCE2D1E72796D6EC0018895F /* NotoSansKR-Regular.otf */,
			);
			path = Font;
			sourceTree = "<group>";
		};
		DCE2D1E92796DB820018895F /* Extension */ = {
			isa = PBXGroup;
			children = (
				DCE2D1EA2796DB8C0018895F /* UIColor+Extension.swift */,
				DCE2D1EC2796FF950018895F /* UIFont+Extension.swift */,
				DCDE36642799A0300077847C /* Toast+Extension.swift */,
			);
			path = Extension;
			sourceTree = "<group>";
		};
		DCE2D1EE27970DEC0018895F /* Authorization */ = {
			isa = PBXGroup;
			children = (
				DCE2D1EF27970E000018895F /* LoginViewController.swift */,
				DCDE36662799B1440077847C /* LoginConfirmViewController.swift */,
				DCDE36682799BE190077847C /* NicknameViewController.swift */,
				DCDE366A2799C0BD0077847C /* BirthViewController.swift */,
				DCDE366C279A9A4C0077847C /* EmailViewController.swift */,
				DCDE366E279AB8920077847C /* GenderViewController.swift */,
			);
			path = Authorization;
			sourceTree = "<group>";
		};
/* End PBXGroup section */

/* Begin PBXNativeTarget section */
		DCE2D1B7279694720018895F /* SeSAC_Friends */ = {
			isa = PBXNativeTarget;
			buildConfigurationList = DCE2D1CC279694750018895F /* Build configuration list for PBXNativeTarget "SeSAC_Friends" */;
			buildPhases = (
				DCE2D1B4279694720018895F /* Sources */,
				DCE2D1B5279694720018895F /* Frameworks */,
				DCE2D1B6279694720018895F /* Resources */,
			);
			buildRules = (
			);
			dependencies = (
			);
			name = SeSAC_Friends;
			packageProductDependencies = (
				DCE2D1D727969AE10018895F /* SnapKit */,
				DCE2D1FF27985D5F0018895F /* RxCocoa */,
				DCE2D20127985D5F0018895F /* RxSwift */,
				DCDE36622799A0010077847C /* Toast */,
				DCDE3674279C44860077847C /* IQKeyboardManagerSwift */,
				DCA1AAB8279D7B4F002194B4 /* FirebaseAuth */,
				DCA1AABA279D7B4F002194B4 /* FirebaseMessaging */,
			);
			productName = SeSAC_Friends;
			productReference = DCE2D1B8279694720018895F /* SeSAC_Friends.app */;
			productType = "com.apple.product-type.application";
		};
/* End PBXNativeTarget section */

/* Begin PBXProject section */
		DCE2D1B0279694720018895F /* Project object */ = {
			isa = PBXProject;
			attributes = {
				BuildIndependentTargetsInParallel = 1;
				LastSwiftUpdateCheck = 1300;
				LastUpgradeCheck = 1300;
				TargetAttributes = {
					DCE2D1B7279694720018895F = {
						CreatedOnToolsVersion = 13.0;
					};
				};
			};
			buildConfigurationList = DCE2D1B3279694720018895F /* Build configuration list for PBXProject "SeSAC_Friends" */;
			compatibilityVersion = "Xcode 13.0";
			developmentRegion = en;
			hasScannedForEncodings = 0;
			knownRegions = (
				en,
				Base,
			);
			mainGroup = DCE2D1AF279694720018895F;
			packageReferences = (
				DCE2D1D627969AE00018895F /* XCRemoteSwiftPackageReference "SnapKit" */,
				DCE2D1FE27985D5F0018895F /* XCRemoteSwiftPackageReference "RxSwift" */,
				DCDE36612799A0010077847C /* XCRemoteSwiftPackageReference "Toast-Swift" */,
				DCDE3673279C44860077847C /* XCRemoteSwiftPackageReference "IQKeyboardManager" */,
				DCA1AAB7279D7B4F002194B4 /* XCRemoteSwiftPackageReference "firebase-ios-sdk" */,
			);
			productRefGroup = DCE2D1B9279694720018895F /* Products */;
			projectDirPath = "";
			projectRoot = "";
			targets = (
				DCE2D1B7279694720018895F /* SeSAC_Friends */,
			);
		};
/* End PBXProject section */

/* Begin PBXResourcesBuildPhase section */
		DCE2D1B6279694720018895F /* Resources */ = {
			isa = PBXResourcesBuildPhase;
			buildActionMask = 2147483647;
			files = (
				DCE2D1C8279694750018895F /* LaunchScreen.storyboard in Resources */,
				DCE2D1D0279694BE0018895F /* GoogleService-Info.plist in Resources */,
				DCE2D1E62796D6DF0018895F /* NotoSansKR-Medium.otf in Resources */,
				DCE2D1C5279694750018895F /* Assets.xcassets in Resources */,
				DCE2D1E82796D6EC0018895F /* NotoSansKR-Regular.otf in Resources */,
				DCE2D1C3279694720018895F /* Main.storyboard in Resources */,
			);
			runOnlyForDeploymentPostprocessing = 0;
		};
/* End PBXResourcesBuildPhase section */

/* Begin PBXSourcesBuildPhase section */
		DCE2D1B4279694720018895F /* Sources */ = {
			isa = PBXSourcesBuildPhase;
			buildActionMask = 2147483647;
			files = (
				DCDE3672279C3A950077847C /* MainViewController.swift in Sources */,
				DCE2D1F427979C020018895F /* MainTextFieldView.swift in Sources */,
				DCDE366F279AB8920077847C /* GenderViewController.swift in Sources */,
				DCE2D1D527969AB60018895F /* UserAuthentificationMessageViewController.swift in Sources */,
				DCDE366B2799C0BD0077847C /* BirthViewController.swift in Sources */,
				DCDE366D279A9A4D0077847C /* EmailViewController.swift in Sources */,
				DCDE36652799A0300077847C /* Toast+Extension.swift in Sources */,
				DCE2D1C0279694720018895F /* ViewController.swift in Sources */,
				DCDE36692799BE190077847C /* NicknameViewController.swift in Sources */,
				DCE2D1DE2796C9D50018895F /* MainButtonStatus.swift in Sources */,
				DCE2D1EB2796DB8C0018895F /* UIColor+Extension.swift in Sources */,
				DCE2D1FA279809D40018895F /* MainButtonTestViewController.swift in Sources */,
				DCDE36672799B1440077847C /* LoginConfirmViewController.swift in Sources */,
				DCE2D1BC279694720018895F /* AppDelegate.swift in Sources */,
				DCE2D1F72797F3320018895F /* MainTextFieldTestViewController.swift in Sources */,
				DCE2D1F027970E000018895F /* LoginViewController.swift in Sources */,
				DCE2D1DC2796A9080018895F /* MainButton.swift in Sources */,
				DCE2D1BE279694720018895F /* SceneDelegate.swift in Sources */,
				DCE2D1E12796CCD30018895F /* MainTextFieldStatus.swift in Sources */,
				DCE2D1ED2796FF950018895F /* UIFont+Extension.swift in Sources */,
				DCE2D1E32796D5310018895F /* ChatTextFieldStatus.swift in Sources */,
			);
			runOnlyForDeploymentPostprocessing = 0;
		};
/* End PBXSourcesBuildPhase section */

/* Begin PBXVariantGroup section */
		DCE2D1C1279694720018895F /* Main.storyboard */ = {
			isa = PBXVariantGroup;
			children = (
				DCE2D1C2279694720018895F /* Base */,
			);
			name = Main.storyboard;
			sourceTree = "<group>";
		};
		DCE2D1C6279694750018895F /* LaunchScreen.storyboard */ = {
			isa = PBXVariantGroup;
			children = (
				DCE2D1C7279694750018895F /* Base */,
			);
			name = LaunchScreen.storyboard;
			sourceTree = "<group>";
		};
/* End PBXVariantGroup section */

/* Begin XCBuildConfiguration section */
		DCE2D1CA279694750018895F /* Debug */ = {
			isa = XCBuildConfiguration;
			buildSettings = {
				ALWAYS_SEARCH_USER_PATHS = NO;
				CLANG_ANALYZER_NONNULL = YES;
				CLANG_ANALYZER_NUMBER_OBJECT_CONVERSION = YES_AGGRESSIVE;
				CLANG_CXX_LANGUAGE_STANDARD = "gnu++17";
				CLANG_CXX_LIBRARY = "libc++";
				CLANG_ENABLE_MODULES = YES;
				CLANG_ENABLE_OBJC_ARC = YES;
				CLANG_ENABLE_OBJC_WEAK = YES;
				CLANG_WARN_BLOCK_CAPTURE_AUTORELEASING = YES;
				CLANG_WARN_BOOL_CONVERSION = YES;
				CLANG_WARN_COMMA = YES;
				CLANG_WARN_CONSTANT_CONVERSION = YES;
				CLANG_WARN_DEPRECATED_OBJC_IMPLEMENTATIONS = YES;
				CLANG_WARN_DIRECT_OBJC_ISA_USAGE = YES_ERROR;
				CLANG_WARN_DOCUMENTATION_COMMENTS = YES;
				CLANG_WARN_EMPTY_BODY = YES;
				CLANG_WARN_ENUM_CONVERSION = YES;
				CLANG_WARN_INFINITE_RECURSION = YES;
				CLANG_WARN_INT_CONVERSION = YES;
				CLANG_WARN_NON_LITERAL_NULL_CONVERSION = YES;
				CLANG_WARN_OBJC_IMPLICIT_RETAIN_SELF = YES;
				CLANG_WARN_OBJC_LITERAL_CONVERSION = YES;
				CLANG_WARN_OBJC_ROOT_CLASS = YES_ERROR;
				CLANG_WARN_QUOTED_INCLUDE_IN_FRAMEWORK_HEADER = YES;
				CLANG_WARN_RANGE_LOOP_ANALYSIS = YES;
				CLANG_WARN_STRICT_PROTOTYPES = YES;
				CLANG_WARN_SUSPICIOUS_MOVE = YES;
				CLANG_WARN_UNGUARDED_AVAILABILITY = YES_AGGRESSIVE;
				CLANG_WARN_UNREACHABLE_CODE = YES;
				CLANG_WARN__DUPLICATE_METHOD_MATCH = YES;
				COPY_PHASE_STRIP = NO;
				DEBUG_INFORMATION_FORMAT = dwarf;
				ENABLE_STRICT_OBJC_MSGSEND = YES;
				ENABLE_TESTABILITY = YES;
				GCC_C_LANGUAGE_STANDARD = gnu11;
				GCC_DYNAMIC_NO_PIC = NO;
				GCC_NO_COMMON_BLOCKS = YES;
				GCC_OPTIMIZATION_LEVEL = 0;
				GCC_PREPROCESSOR_DEFINITIONS = (
					"DEBUG=1",
					"$(inherited)",
				);
				GCC_WARN_64_TO_32_BIT_CONVERSION = YES;
				GCC_WARN_ABOUT_RETURN_TYPE = YES_ERROR;
				GCC_WARN_UNDECLARED_SELECTOR = YES;
				GCC_WARN_UNINITIALIZED_AUTOS = YES_AGGRESSIVE;
				GCC_WARN_UNUSED_FUNCTION = YES;
				GCC_WARN_UNUSED_VARIABLE = YES;
				IPHONEOS_DEPLOYMENT_TARGET = 15.0;
				MTL_ENABLE_DEBUG_INFO = INCLUDE_SOURCE;
				MTL_FAST_MATH = YES;
				ONLY_ACTIVE_ARCH = YES;
				SDKROOT = iphoneos;
				SWIFT_ACTIVE_COMPILATION_CONDITIONS = DEBUG;
				SWIFT_OPTIMIZATION_LEVEL = "-Onone";
			};
			name = Debug;
		};
		DCE2D1CB279694750018895F /* Release */ = {
			isa = XCBuildConfiguration;
			buildSettings = {
				ALWAYS_SEARCH_USER_PATHS = NO;
				CLANG_ANALYZER_NONNULL = YES;
				CLANG_ANALYZER_NUMBER_OBJECT_CONVERSION = YES_AGGRESSIVE;
				CLANG_CXX_LANGUAGE_STANDARD = "gnu++17";
				CLANG_CXX_LIBRARY = "libc++";
				CLANG_ENABLE_MODULES = YES;
				CLANG_ENABLE_OBJC_ARC = YES;
				CLANG_ENABLE_OBJC_WEAK = YES;
				CLANG_WARN_BLOCK_CAPTURE_AUTORELEASING = YES;
				CLANG_WARN_BOOL_CONVERSION = YES;
				CLANG_WARN_COMMA = YES;
				CLANG_WARN_CONSTANT_CONVERSION = YES;
				CLANG_WARN_DEPRECATED_OBJC_IMPLEMENTATIONS = YES;
				CLANG_WARN_DIRECT_OBJC_ISA_USAGE = YES_ERROR;
				CLANG_WARN_DOCUMENTATION_COMMENTS = YES;
				CLANG_WARN_EMPTY_BODY = YES;
				CLANG_WARN_ENUM_CONVERSION = YES;
				CLANG_WARN_INFINITE_RECURSION = YES;
				CLANG_WARN_INT_CONVERSION = YES;
				CLANG_WARN_NON_LITERAL_NULL_CONVERSION = YES;
				CLANG_WARN_OBJC_IMPLICIT_RETAIN_SELF = YES;
				CLANG_WARN_OBJC_LITERAL_CONVERSION = YES;
				CLANG_WARN_OBJC_ROOT_CLASS = YES_ERROR;
				CLANG_WARN_QUOTED_INCLUDE_IN_FRAMEWORK_HEADER = YES;
				CLANG_WARN_RANGE_LOOP_ANALYSIS = YES;
				CLANG_WARN_STRICT_PROTOTYPES = YES;
				CLANG_WARN_SUSPICIOUS_MOVE = YES;
				CLANG_WARN_UNGUARDED_AVAILABILITY = YES_AGGRESSIVE;
				CLANG_WARN_UNREACHABLE_CODE = YES;
				CLANG_WARN__DUPLICATE_METHOD_MATCH = YES;
				COPY_PHASE_STRIP = NO;
				DEBUG_INFORMATION_FORMAT = "dwarf-with-dsym";
				ENABLE_NS_ASSERTIONS = NO;
				ENABLE_STRICT_OBJC_MSGSEND = YES;
				GCC_C_LANGUAGE_STANDARD = gnu11;
				GCC_NO_COMMON_BLOCKS = YES;
				GCC_WARN_64_TO_32_BIT_CONVERSION = YES;
				GCC_WARN_ABOUT_RETURN_TYPE = YES_ERROR;
				GCC_WARN_UNDECLARED_SELECTOR = YES;
				GCC_WARN_UNINITIALIZED_AUTOS = YES_AGGRESSIVE;
				GCC_WARN_UNUSED_FUNCTION = YES;
				GCC_WARN_UNUSED_VARIABLE = YES;
				IPHONEOS_DEPLOYMENT_TARGET = 15.0;
				MTL_ENABLE_DEBUG_INFO = NO;
				MTL_FAST_MATH = YES;
				SDKROOT = iphoneos;
				SWIFT_COMPILATION_MODE = wholemodule;
				SWIFT_OPTIMIZATION_LEVEL = "-O";
				VALIDATE_PRODUCT = YES;
			};
			name = Release;
		};
		DCE2D1CD279694750018895F /* Debug */ = {
			isa = XCBuildConfiguration;
			buildSettings = {
				ASSETCATALOG_COMPILER_APPICON_NAME = AppIcon;
				ASSETCATALOG_COMPILER_GLOBAL_ACCENT_COLOR_NAME = AccentColor;
				CODE_SIGN_STYLE = Automatic;
				CURRENT_PROJECT_VERSION = 1;
				DEVELOPMENT_TEAM = 2EZ5QWFYX2;
				GENERATE_INFOPLIST_FILE = YES;
				INFOPLIST_FILE = SeSAC_Friends/Info.plist;
				INFOPLIST_KEY_UIApplicationSupportsIndirectInputEvents = YES;
				INFOPLIST_KEY_UILaunchStoryboardName = LaunchScreen;
				INFOPLIST_KEY_UISupportedInterfaceOrientations_iPad = "UIInterfaceOrientationPortrait UIInterfaceOrientationPortraitUpsideDown UIInterfaceOrientationLandscapeLeft UIInterfaceOrientationLandscapeRight";
				INFOPLIST_KEY_UISupportedInterfaceOrientations_iPhone = "UIInterfaceOrientationPortrait UIInterfaceOrientationLandscapeLeft UIInterfaceOrientationLandscapeRight";
				LD_RUNPATH_SEARCH_PATHS = (
					"$(inherited)",
					"@executable_path/Frameworks",
				);
				MARKETING_VERSION = 1.0;
				PRODUCT_BUNDLE_IDENTIFIER = com.memolease.sesac1;
				PRODUCT_NAME = "$(TARGET_NAME)";
				SWIFT_EMIT_LOC_STRINGS = YES;
				SWIFT_VERSION = 5.0;
				TARGETED_DEVICE_FAMILY = "1,2";
			};
			name = Debug;
		};
		DCE2D1CE279694750018895F /* Release */ = {
			isa = XCBuildConfiguration;
			buildSettings = {
				ASSETCATALOG_COMPILER_APPICON_NAME = AppIcon;
				ASSETCATALOG_COMPILER_GLOBAL_ACCENT_COLOR_NAME = AccentColor;
				CODE_SIGN_STYLE = Automatic;
				CURRENT_PROJECT_VERSION = 1;
				DEVELOPMENT_TEAM = 2EZ5QWFYX2;
				GENERATE_INFOPLIST_FILE = YES;
				INFOPLIST_FILE = SeSAC_Friends/Info.plist;
				INFOPLIST_KEY_UIApplicationSupportsIndirectInputEvents = YES;
				INFOPLIST_KEY_UILaunchStoryboardName = LaunchScreen;
				INFOPLIST_KEY_UISupportedInterfaceOrientations_iPad = "UIInterfaceOrientationPortrait UIInterfaceOrientationPortraitUpsideDown UIInterfaceOrientationLandscapeLeft UIInterfaceOrientationLandscapeRight";
				INFOPLIST_KEY_UISupportedInterfaceOrientations_iPhone = "UIInterfaceOrientationPortrait UIInterfaceOrientationLandscapeLeft UIInterfaceOrientationLandscapeRight";
				LD_RUNPATH_SEARCH_PATHS = (
					"$(inherited)",
					"@executable_path/Frameworks",
				);
				MARKETING_VERSION = 1.0;
				PRODUCT_BUNDLE_IDENTIFIER = com.memolease.sesac1;
				PRODUCT_NAME = "$(TARGET_NAME)";
				SWIFT_EMIT_LOC_STRINGS = YES;
				SWIFT_VERSION = 5.0;
				TARGETED_DEVICE_FAMILY = "1,2";
			};
			name = Release;
		};
/* End XCBuildConfiguration section */

/* Begin XCConfigurationList section */
		DCE2D1B3279694720018895F /* Build configuration list for PBXProject "SeSAC_Friends" */ = {
			isa = XCConfigurationList;
			buildConfigurations = (
				DCE2D1CA279694750018895F /* Debug */,
				DCE2D1CB279694750018895F /* Release */,
			);
			defaultConfigurationIsVisible = 0;
			defaultConfigurationName = Release;
		};
		DCE2D1CC279694750018895F /* Build configuration list for PBXNativeTarget "SeSAC_Friends" */ = {
			isa = XCConfigurationList;
			buildConfigurations = (
				DCE2D1CD279694750018895F /* Debug */,
				DCE2D1CE279694750018895F /* Release */,
			);
			defaultConfigurationIsVisible = 0;
			defaultConfigurationName = Release;
		};
/* End XCConfigurationList section */

/* Begin XCRemoteSwiftPackageReference section */
		DCA1AAB7279D7B4F002194B4 /* XCRemoteSwiftPackageReference "firebase-ios-sdk" */ = {
			isa = XCRemoteSwiftPackageReference;
			repositoryURL = "https://github.com/firebase/firebase-ios-sdk";
			requirement = {
				branch = master;
				kind = branch;
			};
		};
		DCDE36612799A0010077847C /* XCRemoteSwiftPackageReference "Toast-Swift" */ = {
			isa = XCRemoteSwiftPackageReference;
			repositoryURL = "https://github.com/scalessec/Toast-Swift.git";
			requirement = {
				branch = master;
				kind = branch;
			};
		};
		DCDE3673279C44860077847C /* XCRemoteSwiftPackageReference "IQKeyboardManager" */ = {
			isa = XCRemoteSwiftPackageReference;
			repositoryURL = "https://github.com/hackiftekhar/IQKeyboardManager.git";
			requirement = {
				branch = master;
				kind = branch;
			};
		};
		DCE2D1D627969AE00018895F /* XCRemoteSwiftPackageReference "SnapKit" */ = {
			isa = XCRemoteSwiftPackageReference;
			repositoryURL = "https://github.com/SnapKit/SnapKit.git";
			requirement = {
				branch = develop;
				kind = branch;
			};
		};
		DCE2D1FE27985D5F0018895F /* XCRemoteSwiftPackageReference "RxSwift" */ = {
			isa = XCRemoteSwiftPackageReference;
			repositoryURL = "https://github.com/ReactiveX/RxSwift.git";
			requirement = {
				branch = main;
				kind = branch;
			};
		};
/* End XCRemoteSwiftPackageReference section */

/* Begin XCSwiftPackageProductDependency section */
		DCA1AAB8279D7B4F002194B4 /* FirebaseAuth */ = {
			isa = XCSwiftPackageProductDependency;
			package = DCA1AAB7279D7B4F002194B4 /* XCRemoteSwiftPackageReference "firebase-ios-sdk" */;
			productName = FirebaseAuth;
		};
		DCA1AABA279D7B4F002194B4 /* FirebaseMessaging */ = {
			isa = XCSwiftPackageProductDependency;
			package = DCA1AAB7279D7B4F002194B4 /* XCRemoteSwiftPackageReference "firebase-ios-sdk" */;
			productName = FirebaseMessaging;
		};
		DCDE36622799A0010077847C /* Toast */ = {
			isa = XCSwiftPackageProductDependency;
			package = DCDE36612799A0010077847C /* XCRemoteSwiftPackageReference "Toast-Swift" */;
			productName = Toast;
		};
		DCDE3674279C44860077847C /* IQKeyboardManagerSwift */ = {
			isa = XCSwiftPackageProductDependency;
			package = DCDE3673279C44860077847C /* XCRemoteSwiftPackageReference "IQKeyboardManager" */;
			productName = IQKeyboardManagerSwift;
		};
		DCE2D1D727969AE10018895F /* SnapKit */ = {
			isa = XCSwiftPackageProductDependency;
			package = DCE2D1D627969AE00018895F /* XCRemoteSwiftPackageReference "SnapKit" */;
			productName = SnapKit;
		};
		DCE2D1FF27985D5F0018895F /* RxCocoa */ = {
			isa = XCSwiftPackageProductDependency;
			package = DCE2D1FE27985D5F0018895F /* XCRemoteSwiftPackageReference "RxSwift" */;
			productName = RxCocoa;
		};
		DCE2D20127985D5F0018895F /* RxSwift */ = {
			isa = XCSwiftPackageProductDependency;
			package = DCE2D1FE27985D5F0018895F /* XCRemoteSwiftPackageReference "RxSwift" */;
			productName = RxSwift;
		};
/* End XCSwiftPackageProductDependency section */
	};
	rootObject = DCE2D1B0279694720018895F /* Project object */;
}
