// !$*UTF8*$!
{
	archiveVersion = 1;
	classes = {
	};
	objectVersion = 55;
	objects = {

/* Begin PBXBuildFile section */
		DC184DCE27C3E35200B12AEC /* RealmModel.swift in Sources */ = {isa = PBXBuildFile; fileRef = DC184DCD27C3E35200B12AEC /* RealmModel.swift */; };
		DC184DD027C4D42A00B12AEC /* Date+Extension.swift in Sources */ = {isa = PBXBuildFile; fileRef = DC184DCF27C4D42A00B12AEC /* Date+Extension.swift */; };
		DC1873E527A1113200DE4FBD /* ShopViewController.swift in Sources */ = {isa = PBXBuildFile; fileRef = DC1873E427A1113200DE4FBD /* ShopViewController.swift */; };
		DC1873E927A1117A00DE4FBD /* MyPageViewController.swift in Sources */ = {isa = PBXBuildFile; fileRef = DC1873E827A1117A00DE4FBD /* MyPageViewController.swift */; };
		DC1873EB27A1140E00DE4FBD /* MainViewController.swift in Sources */ = {isa = PBXBuildFile; fileRef = DC1873EA27A1140E00DE4FBD /* MainViewController.swift */; };
		DC1873EE27A151E200DE4FBD /* ProfileTableViewCell.swift in Sources */ = {isa = PBXBuildFile; fileRef = DC1873ED27A151E200DE4FBD /* ProfileTableViewCell.swift */; };
		DC1873F127A1930D00DE4FBD /* IconTableViewCell.swift in Sources */ = {isa = PBXBuildFile; fileRef = DC1873F027A1930D00DE4FBD /* IconTableViewCell.swift */; };
		DC1873F327A1971900DE4FBD /* MyInfoViewController.swift in Sources */ = {isa = PBXBuildFile; fileRef = DC1873F227A1971900DE4FBD /* MyInfoViewController.swift */; };
		DC1873F527A19D2600DE4FBD /* CharactorTableViewCell.swift in Sources */ = {isa = PBXBuildFile; fileRef = DC1873F427A19D2600DE4FBD /* CharactorTableViewCell.swift */; };
		DC1873F727A2466400DE4FBD /* MyPageView.swift in Sources */ = {isa = PBXBuildFile; fileRef = DC1873F627A2466300DE4FBD /* MyPageView.swift */; };
		DC1873F927A25EF000DE4FBD /* ViewRepresentable.swift in Sources */ = {isa = PBXBuildFile; fileRef = DC1873F827A25EF000DE4FBD /* ViewRepresentable.swift */; };
		DC1873FB27A2603000DE4FBD /* LoginView.swift in Sources */ = {isa = PBXBuildFile; fileRef = DC1873FA27A2603000DE4FBD /* LoginView.swift */; };
		DC1873FD27A262B900DE4FBD /* LoginConfirmView.swift in Sources */ = {isa = PBXBuildFile; fileRef = DC1873FC27A262B900DE4FBD /* LoginConfirmView.swift */; };
		DC1873FF27A2648700DE4FBD /* NicknameView.swift in Sources */ = {isa = PBXBuildFile; fileRef = DC1873FE27A2648700DE4FBD /* NicknameView.swift */; };
		DC18740127A2653B00DE4FBD /* BirthView.swift in Sources */ = {isa = PBXBuildFile; fileRef = DC18740027A2653B00DE4FBD /* BirthView.swift */; };
		DC18740327A266CF00DE4FBD /* EmailView.swift in Sources */ = {isa = PBXBuildFile; fileRef = DC18740227A266CF00DE4FBD /* EmailView.swift */; };
		DC18740527A267EF00DE4FBD /* GenderView.swift in Sources */ = {isa = PBXBuildFile; fileRef = DC18740427A267EF00DE4FBD /* GenderView.swift */; };
		DC18740727A2729700DE4FBD /* TwoButtonTableViewCell.swift in Sources */ = {isa = PBXBuildFile; fileRef = DC18740627A2729700DE4FBD /* TwoButtonTableViewCell.swift */; };
		DC18740927A2CE9400DE4FBD /* TextfieldTableViewCell.swift in Sources */ = {isa = PBXBuildFile; fileRef = DC18740827A2CE9300DE4FBD /* TextfieldTableViewCell.swift */; };
		DC18740B27A2D53500DE4FBD /* SwitchTableViewCell.swift in Sources */ = {isa = PBXBuildFile; fileRef = DC18740A27A2D53500DE4FBD /* SwitchTableViewCell.swift */; };
		DC18740D27A2D66200DE4FBD /* LabelTableViewCell.swift in Sources */ = {isa = PBXBuildFile; fileRef = DC18740C27A2D66200DE4FBD /* LabelTableViewCell.swift */; };
		DC18740F27A2D7B000DE4FBD /* DoubleSliderTableViewCell.swift in Sources */ = {isa = PBXBuildFile; fileRef = DC18740E27A2D7AF00DE4FBD /* DoubleSliderTableViewCell.swift */; };
		DC22859F27CB48F400089960 /* PurchasePopUpViewController.swift in Sources */ = {isa = PBXBuildFile; fileRef = DC22859E27CB48F400089960 /* PurchasePopUpViewController.swift */; };
		DC2285A127CB491D00089960 /* PurchasePopUpView.swift in Sources */ = {isa = PBXBuildFile; fileRef = DC2285A027CB491D00089960 /* PurchasePopUpView.swift */; };
		DC22860127CCD54900089960 /* WithdrawPopUpViewController.swift in Sources */ = {isa = PBXBuildFile; fileRef = DC22860027CCD54900089960 /* WithdrawPopUpViewController.swift */; };
		DC22860327CCD58000089960 /* WithdrawPopUpView.swift in Sources */ = {isa = PBXBuildFile; fileRef = DC22860227CCD58000089960 /* WithdrawPopUpView.swift */; };
		DC68264A27C63EFF00B7F49E /* SocketIOManager.swift in Sources */ = {isa = PBXBuildFile; fileRef = DC68264927C63EFF00B7F49E /* SocketIOManager.swift */; };
		DC68264D27C6700800B7F49E /* SocketIO in Frameworks */ = {isa = PBXBuildFile; productRef = DC68264C27C6700800B7F49E /* SocketIO */; };
		DC68265127C908C700B7F49E /* ViewController+Extension.swift in Sources */ = {isa = PBXBuildFile; fileRef = DC68265027C908C700B7F49E /* ViewController+Extension.swift */; };
		DC68265427C9125C00B7F49E /* RxKeyboard in Frameworks */ = {isa = PBXBuildFile; productRef = DC68265327C9125C00B7F49E /* RxKeyboard */; };
		DC68265627C9E2D600B7F49E /* LaunchViewController.swift in Sources */ = {isa = PBXBuildFile; fileRef = DC68265527C9E2D600B7F49E /* LaunchViewController.swift */; };
		DC68265C27C9E7CE00B7F49E /* JGProgressHUD in Frameworks */ = {isa = PBXBuildFile; productRef = DC68265B27C9E7CE00B7F49E /* JGProgressHUD */; };
		DC6E55DA27A97CE500998FF9 /* APIenum.swift in Sources */ = {isa = PBXBuildFile; fileRef = DC6E55D927A97CE500998FF9 /* APIenum.swift */; };
		DC6E55DE27AA519200998FF9 /* APIStatusResult.swift in Sources */ = {isa = PBXBuildFile; fileRef = DC6E55DD27AA519200998FF9 /* APIStatusResult.swift */; };
		DC6E55E127AAD6B300998FF9 /* HobbySearchViewController.swift in Sources */ = {isa = PBXBuildFile; fileRef = DC6E55E027AAD6B300998FF9 /* HobbySearchViewController.swift */; };
		DC6E55E327AAD71A00998FF9 /* HobbySearchView.swift in Sources */ = {isa = PBXBuildFile; fileRef = DC6E55E227AAD71A00998FF9 /* HobbySearchView.swift */; };
		DC6E55E527AAD83900998FF9 /* HomeView.swift in Sources */ = {isa = PBXBuildFile; fileRef = DC6E55E427AAD83900998FF9 /* HomeView.swift */; };
		DC6E55E727ABCC3A00998FF9 /* CollectionViewLeftAlignFlowLayout.swift in Sources */ = {isa = PBXBuildFile; fileRef = DC6E55E627ABCC3A00998FF9 /* CollectionViewLeftAlignFlowLayout.swift */; };
		DC6E9F4C27C13E54009D2DAD /* FriendsDodgeViewController.swift in Sources */ = {isa = PBXBuildFile; fileRef = DC6E9F4B27C13E54009D2DAD /* FriendsDodgeViewController.swift */; };
		DC6E9F4E27C13E5C009D2DAD /* FriendsDodgeView.swift in Sources */ = {isa = PBXBuildFile; fileRef = DC6E9F4D27C13E5C009D2DAD /* FriendsDodgeView.swift */; };
		DC6E9F5127C15046009D2DAD /* ShopView.swift in Sources */ = {isa = PBXBuildFile; fileRef = DC6E9F5027C15046009D2DAD /* ShopView.swift */; };
		DC6E9F5327C1DA25009D2DAD /* CharacterShopView.swift in Sources */ = {isa = PBXBuildFile; fileRef = DC6E9F5227C1DA25009D2DAD /* CharacterShopView.swift */; };
		DC6E9F5527C1DA45009D2DAD /* CharacterShopViewController.swift in Sources */ = {isa = PBXBuildFile; fileRef = DC6E9F5427C1DA45009D2DAD /* CharacterShopViewController.swift */; };
		DC6E9F5727C1DA58009D2DAD /* BackgroundShopView.swift in Sources */ = {isa = PBXBuildFile; fileRef = DC6E9F5627C1DA58009D2DAD /* BackgroundShopView.swift */; };
		DC6E9F5927C1DA64009D2DAD /* BackgroundShopViewController.swift in Sources */ = {isa = PBXBuildFile; fileRef = DC6E9F5827C1DA64009D2DAD /* BackgroundShopViewController.swift */; };
		DC6E9F5B27C20105009D2DAD /* SeSacCharacterCollectionViewCell.swift in Sources */ = {isa = PBXBuildFile; fileRef = DC6E9F5A27C20105009D2DAD /* SeSacCharacterCollectionViewCell.swift */; };
		DC6E9F5F27C26306009D2DAD /* SeSacBackgroundTableViewCell.swift in Sources */ = {isa = PBXBuildFile; fileRef = DC6E9F5E27C26306009D2DAD /* SeSacBackgroundTableViewCell.swift */; };
		DC6E9F6127C321B2009D2DAD /* RequestPopUpView.swift in Sources */ = {isa = PBXBuildFile; fileRef = DC6E9F6027C321B2009D2DAD /* RequestPopUpView.swift */; };
		DC6E9F6327C321BF009D2DAD /* RequestPopUpViewController.swift in Sources */ = {isa = PBXBuildFile; fileRef = DC6E9F6227C321BF009D2DAD /* RequestPopUpViewController.swift */; };
		DC6E9F6527C34872009D2DAD /* AcceptPopUpViewController.swift in Sources */ = {isa = PBXBuildFile; fileRef = DC6E9F6427C34872009D2DAD /* AcceptPopUpViewController.swift */; };
		DC6E9F6727C34890009D2DAD /* AcceptPopUpView.swift in Sources */ = {isa = PBXBuildFile; fileRef = DC6E9F6627C34890009D2DAD /* AcceptPopUpView.swift */; };
		DC6E9F7027C36505009D2DAD /* Alamofire in Frameworks */ = {isa = PBXBuildFile; productRef = DC6E9F6F27C36505009D2DAD /* Alamofire */; };
		DC6E9F7227C39F2B009D2DAD /* ChattingViewModel.swift in Sources */ = {isa = PBXBuildFile; fileRef = DC6E9F7127C39F2A009D2DAD /* ChattingViewModel.swift */; };
		DCA1AAB9279D7B4F002194B4 /* FirebaseAuth in Frameworks */ = {isa = PBXBuildFile; productRef = DCA1AAB8279D7B4F002194B4 /* FirebaseAuth */; };
		DCA1AABB279D7B4F002194B4 /* FirebaseMessaging in Frameworks */ = {isa = PBXBuildFile; productRef = DCA1AABA279D7B4F002194B4 /* FirebaseMessaging */; };
		DCA1AABE279DA7CA002194B4 /* Endpoint.swift in Sources */ = {isa = PBXBuildFile; fileRef = DCA1AABD279DA7CA002194B4 /* Endpoint.swift */; };
		DCA1AAC0279E4531002194B4 /* UserViewModel.swift in Sources */ = {isa = PBXBuildFile; fileRef = DCA1AABF279E4531002194B4 /* UserViewModel.swift */; };
		DCA1AAC3279E94D2002194B4 /* UserdefualtKey.swift in Sources */ = {isa = PBXBuildFile; fileRef = DCA1AAC2279E94D1002194B4 /* UserdefualtKey.swift */; };
		DCA592D427BA2E610088940B /* MatchingStateEnum.swift in Sources */ = {isa = PBXBuildFile; fileRef = DCA592D327BA2E610088940B /* MatchingStateEnum.swift */; };
		DCA592D627BA36F70088940B /* ReviewDetailViewController.swift in Sources */ = {isa = PBXBuildFile; fileRef = DCA592D527BA36F70088940B /* ReviewDetailViewController.swift */; };
		DCA592D827BA36FE0088940B /* ReviewDetailView.swift in Sources */ = {isa = PBXBuildFile; fileRef = DCA592D727BA36FE0088940B /* ReviewDetailView.swift */; };
		DCA592DA27BA38A20088940B /* TextViewTableViewCell.swift in Sources */ = {isa = PBXBuildFile; fileRef = DCA592D927BA38A20088940B /* TextViewTableViewCell.swift */; };
		DCA592DC27BAB47B0088940B /* EmptySeSacTableViewCell.swift in Sources */ = {isa = PBXBuildFile; fileRef = DCA592DB27BAB47A0088940B /* EmptySeSacTableViewCell.swift */; };
		DCA592DE27BB5A740088940B /* ChattingViewController.swift in Sources */ = {isa = PBXBuildFile; fileRef = DCA592DD27BB5A740088940B /* ChattingViewController.swift */; };
		DCA592E027BB5A7F0088940B /* ChattingView.swift in Sources */ = {isa = PBXBuildFile; fileRef = DCA592DF27BB5A7F0088940B /* ChattingView.swift */; };
		DCA592E227BB7F2E0088940B /* MyChattingTableViewCell.swift in Sources */ = {isa = PBXBuildFile; fileRef = DCA592E127BB7F2E0088940B /* MyChattingTableViewCell.swift */; };
		DCA592E427BB7F3D0088940B /* FriendsChattingTableViewCell.swift in Sources */ = {isa = PBXBuildFile; fileRef = DCA592E327BB7F3C0088940B /* FriendsChattingTableViewCell.swift */; };
		DCA592EB27BE99A40088940B /* FriendsReviewViewController.swift in Sources */ = {isa = PBXBuildFile; fileRef = DCA592EA27BE99A40088940B /* FriendsReviewViewController.swift */; };
		DCA592ED27BE99AC0088940B /* FriendsReviewView.swift in Sources */ = {isa = PBXBuildFile; fileRef = DCA592EC27BE99AC0088940B /* FriendsReviewView.swift */; };
		DCA592EF27C0F1C70088940B /* FriendsReportView.swift in Sources */ = {isa = PBXBuildFile; fileRef = DCA592EE27C0F1C60088940B /* FriendsReportView.swift */; };
		DCA592F127C0F1D50088940B /* FriendsReportViewController.swift in Sources */ = {isa = PBXBuildFile; fileRef = DCA592F027C0F1D50088940B /* FriendsReportViewController.swift */; };
		DCC419EC27A44845006B2904 /* ButtonCollectionViewCell.swift in Sources */ = {isa = PBXBuildFile; fileRef = DCC419EB27A44845006B2904 /* ButtonCollectionViewCell.swift */; };
		DCC419EE27A44850006B2904 /* CollectionViewCell.swift in Sources */ = {isa = PBXBuildFile; fileRef = DCC419ED27A44850006B2904 /* CollectionViewCell.swift */; };
		DCC419F027A78D44006B2904 /* MyInfoView.swift in Sources */ = {isa = PBXBuildFile; fileRef = DCC419EF27A78D44006B2904 /* MyInfoView.swift */; };
		DCC419F727A7DE86006B2904 /* OutputDataStruct.swift in Sources */ = {isa = PBXBuildFile; fileRef = DCC419F627A7DE86006B2904 /* OutputDataStruct.swift */; };
		DCC8DEB727B4D222003E6080 /* SubButton.swift in Sources */ = {isa = PBXBuildFile; fileRef = DCC8DEB627B4D222003E6080 /* SubButton.swift */; };
		DCC8DEB927B4D22C003E6080 /* SubButtonStatus.swift in Sources */ = {isa = PBXBuildFile; fileRef = DCC8DEB827B4D22C003E6080 /* SubButtonStatus.swift */; };
		DCCF9AB627EC5EB500B07300 /* Realm in Frameworks */ = {isa = PBXBuildFile; productRef = DCCF9AB527EC5EB500B07300 /* Realm */; };
		DCCF9AB827EC5EB500B07300 /* RealmSwift in Frameworks */ = {isa = PBXBuildFile; productRef = DCCF9AB727EC5EB500B07300 /* RealmSwift */; };
		DCDCC2DF279FD29500FB142B /* OnBoardingViewController.swift in Sources */ = {isa = PBXBuildFile; fileRef = DCDCC2DE279FD29500FB142B /* OnBoardingViewController.swift */; };
		DCDCC2E1279FF27500FB142B /* OnBoardingTitleCollectionViewCell.swift in Sources */ = {isa = PBXBuildFile; fileRef = DCDCC2E0279FF27500FB142B /* OnBoardingTitleCollectionViewCell.swift */; };
		DCDCC2E327A0332B00FB142B /* OnboardingView.swift in Sources */ = {isa = PBXBuildFile; fileRef = DCDCC2E227A0332B00FB142B /* OnboardingView.swift */; };
		DCDE36632799A0010077847C /* Toast in Frameworks */ = {isa = PBXBuildFile; productRef = DCDE36622799A0010077847C /* Toast */; };
		DCDE36652799A0300077847C /* Toast+Extension.swift in Sources */ = {isa = PBXBuildFile; fileRef = DCDE36642799A0300077847C /* Toast+Extension.swift */; };
		DCDE36672799B1440077847C /* LoginConfirmViewController.swift in Sources */ = {isa = PBXBuildFile; fileRef = DCDE36662799B1440077847C /* LoginConfirmViewController.swift */; };
		DCDE36692799BE190077847C /* NicknameViewController.swift in Sources */ = {isa = PBXBuildFile; fileRef = DCDE36682799BE190077847C /* NicknameViewController.swift */; };
		DCDE366B2799C0BD0077847C /* BirthViewController.swift in Sources */ = {isa = PBXBuildFile; fileRef = DCDE366A2799C0BD0077847C /* BirthViewController.swift */; };
		DCDE366D279A9A4D0077847C /* EmailViewController.swift in Sources */ = {isa = PBXBuildFile; fileRef = DCDE366C279A9A4C0077847C /* EmailViewController.swift */; };
		DCDE366F279AB8920077847C /* GenderViewController.swift in Sources */ = {isa = PBXBuildFile; fileRef = DCDE366E279AB8920077847C /* GenderViewController.swift */; };
		DCDE3672279C3A950077847C /* HomeViewController.swift in Sources */ = {isa = PBXBuildFile; fileRef = DCDE3671279C3A940077847C /* HomeViewController.swift */; };
		DCE2D1BC279694720018895F /* AppDelegate.swift in Sources */ = {isa = PBXBuildFile; fileRef = DCE2D1BB279694720018895F /* AppDelegate.swift */; };
		DCE2D1BE279694720018895F /* SceneDelegate.swift in Sources */ = {isa = PBXBuildFile; fileRef = DCE2D1BD279694720018895F /* SceneDelegate.swift */; };
		DCE2D1C5279694750018895F /* Assets.xcassets in Resources */ = {isa = PBXBuildFile; fileRef = DCE2D1C4279694750018895F /* Assets.xcassets */; };
		DCE2D1C8279694750018895F /* LaunchScreen.storyboard in Resources */ = {isa = PBXBuildFile; fileRef = DCE2D1C6279694750018895F /* LaunchScreen.storyboard */; };
		DCE2D1D0279694BE0018895F /* GoogleService-Info.plist in Resources */ = {isa = PBXBuildFile; fileRef = DCE2D1CF279694BE0018895F /* GoogleService-Info.plist */; };
		DCE2D1D827969AE10018895F /* SnapKit in Frameworks */ = {isa = PBXBuildFile; productRef = DCE2D1D727969AE10018895F /* SnapKit */; };
		DCE2D1DC2796A9080018895F /* MainButton.swift in Sources */ = {isa = PBXBuildFile; fileRef = DCE2D1DB2796A9080018895F /* MainButton.swift */; };
		DCE2D1DE2796C9D50018895F /* MainButtonStatus.swift in Sources */ = {isa = PBXBuildFile; fileRef = DCE2D1DD2796C9D40018895F /* MainButtonStatus.swift */; };
		DCE2D1E12796CCD30018895F /* MainTextFieldStatus.swift in Sources */ = {isa = PBXBuildFile; fileRef = DCE2D1E02796CCD30018895F /* MainTextFieldStatus.swift */; };
		DCE2D1E32796D5310018895F /* ChatTextFieldStatus.swift in Sources */ = {isa = PBXBuildFile; fileRef = DCE2D1E22796D5310018895F /* ChatTextFieldStatus.swift */; };
		DCE2D1E62796D6DF0018895F /* NotoSansKR-Medium.otf in Resources */ = {isa = PBXBuildFile; fileRef = DCE2D1E52796D6DF0018895F /* NotoSansKR-Medium.otf */; };
		DCE2D1E82796D6EC0018895F /* NotoSansKR-Regular.otf in Resources */ = {isa = PBXBuildFile; fileRef = DCE2D1E72796D6EC0018895F /* NotoSansKR-Regular.otf */; };
		DCE2D1EB2796DB8C0018895F /* UIColor+Extension.swift in Sources */ = {isa = PBXBuildFile; fileRef = DCE2D1EA2796DB8C0018895F /* UIColor+Extension.swift */; };
		DCE2D1ED2796FF950018895F /* UIFont+Extension.swift in Sources */ = {isa = PBXBuildFile; fileRef = DCE2D1EC2796FF950018895F /* UIFont+Extension.swift */; };
		DCE2D1F027970E000018895F /* LoginViewController.swift in Sources */ = {isa = PBXBuildFile; fileRef = DCE2D1EF27970E000018895F /* LoginViewController.swift */; };
		DCE2D1F427979C020018895F /* MainTextFieldView.swift in Sources */ = {isa = PBXBuildFile; fileRef = DCE2D1F327979C010018895F /* MainTextFieldView.swift */; };
		DCE2D1F72797F3320018895F /* MainTextFieldTestViewController.swift in Sources */ = {isa = PBXBuildFile; fileRef = DCE2D1F52797CD680018895F /* MainTextFieldTestViewController.swift */; };
		DCE2D1FA279809D40018895F /* MainButtonTestViewController.swift in Sources */ = {isa = PBXBuildFile; fileRef = DCE2D1F9279809D40018895F /* MainButtonTestViewController.swift */; };
		DCE2D20027985D5F0018895F /* RxCocoa in Frameworks */ = {isa = PBXBuildFile; productRef = DCE2D1FF27985D5F0018895F /* RxCocoa */; };
		DCE2D20227985D5F0018895F /* RxSwift in Frameworks */ = {isa = PBXBuildFile; productRef = DCE2D20127985D5F0018895F /* RxSwift */; };
		DCE678E127A2DC0D00ACB1A7 /* MultiSlider in Frameworks */ = {isa = PBXBuildFile; productRef = DCE678E027A2DC0D00ACB1A7 /* MultiSlider */; };
		DCE678E327A2E61800ACB1A7 /* TableViewCell.swift in Sources */ = {isa = PBXBuildFile; fileRef = DCE678E227A2E61800ACB1A7 /* TableViewCell.swift */; };
		DCE678E527A2EA4D00ACB1A7 /* CardTableViewCell.swift in Sources */ = {isa = PBXBuildFile; fileRef = DCE678E427A2EA4D00ACB1A7 /* CardTableViewCell.swift */; };
		DCF8942F27B0B9E3001BE5DF /* QueueViewModel.swift in Sources */ = {isa = PBXBuildFile; fileRef = DCF8942E27B0B9E3001BE5DF /* QueueViewModel.swift */; };
		DCF8943127B21D12001BE5DF /* SeSecFindView.swift in Sources */ = {isa = PBXBuildFile; fileRef = DCF8943027B21D12001BE5DF /* SeSecFindView.swift */; };
		DCF8943327B21D1D001BE5DF /* SeSacFindViewController.swift in Sources */ = {isa = PBXBuildFile; fileRef = DCF8943227B21D1D001BE5DF /* SeSacFindViewController.swift */; };
		DCF8943827B22B7F001BE5DF /* NearSeSacViewController.swift in Sources */ = {isa = PBXBuildFile; fileRef = DCF8943727B22B7F001BE5DF /* NearSeSacViewController.swift */; };
		DCF8943A27B22B8F001BE5DF /* RecivedViewController.swift in Sources */ = {isa = PBXBuildFile; fileRef = DCF8943927B22B8F001BE5DF /* RecivedViewController.swift */; };
		DCF8943C27B22BCE001BE5DF /* NearSeSacView.swift in Sources */ = {isa = PBXBuildFile; fileRef = DCF8943B27B22BCE001BE5DF /* NearSeSacView.swift */; };
		DCF8943E27B22BDF001BE5DF /* RecivedView.swift in Sources */ = {isa = PBXBuildFile; fileRef = DCF8943D27B22BDF001BE5DF /* RecivedView.swift */; };
/* End PBXBuildFile section */

/* Begin PBXFileReference section */
		DC184DCD27C3E35200B12AEC /* RealmModel.swift */ = {isa = PBXFileReference; lastKnownFileType = sourcecode.swift; path = RealmModel.swift; sourceTree = "<group>"; };
		DC184DCF27C4D42A00B12AEC /* Date+Extension.swift */ = {isa = PBXFileReference; lastKnownFileType = sourcecode.swift; path = "Date+Extension.swift"; sourceTree = "<group>"; };
		DC1873E427A1113200DE4FBD /* ShopViewController.swift */ = {isa = PBXFileReference; lastKnownFileType = sourcecode.swift; path = ShopViewController.swift; sourceTree = "<group>"; };
		DC1873E827A1117A00DE4FBD /* MyPageViewController.swift */ = {isa = PBXFileReference; lastKnownFileType = sourcecode.swift; path = MyPageViewController.swift; sourceTree = "<group>"; };
		DC1873EA27A1140E00DE4FBD /* MainViewController.swift */ = {isa = PBXFileReference; lastKnownFileType = sourcecode.swift; path = MainViewController.swift; sourceTree = "<group>"; };
		DC1873ED27A151E200DE4FBD /* ProfileTableViewCell.swift */ = {isa = PBXFileReference; lastKnownFileType = sourcecode.swift; path = ProfileTableViewCell.swift; sourceTree = "<group>"; };
		DC1873F027A1930D00DE4FBD /* IconTableViewCell.swift */ = {isa = PBXFileReference; lastKnownFileType = sourcecode.swift; path = IconTableViewCell.swift; sourceTree = "<group>"; };
		DC1873F227A1971900DE4FBD /* MyInfoViewController.swift */ = {isa = PBXFileReference; lastKnownFileType = sourcecode.swift; path = MyInfoViewController.swift; sourceTree = "<group>"; };
		DC1873F427A19D2600DE4FBD /* CharactorTableViewCell.swift */ = {isa = PBXFileReference; lastKnownFileType = sourcecode.swift; path = CharactorTableViewCell.swift; sourceTree = "<group>"; };
		DC1873F627A2466300DE4FBD /* MyPageView.swift */ = {isa = PBXFileReference; lastKnownFileType = sourcecode.swift; path = MyPageView.swift; sourceTree = "<group>"; };
		DC1873F827A25EF000DE4FBD /* ViewRepresentable.swift */ = {isa = PBXFileReference; lastKnownFileType = sourcecode.swift; path = ViewRepresentable.swift; sourceTree = "<group>"; };
		DC1873FA27A2603000DE4FBD /* LoginView.swift */ = {isa = PBXFileReference; lastKnownFileType = sourcecode.swift; path = LoginView.swift; sourceTree = "<group>"; };
		DC1873FC27A262B900DE4FBD /* LoginConfirmView.swift */ = {isa = PBXFileReference; lastKnownFileType = sourcecode.swift; path = LoginConfirmView.swift; sourceTree = "<group>"; };
		DC1873FE27A2648700DE4FBD /* NicknameView.swift */ = {isa = PBXFileReference; lastKnownFileType = sourcecode.swift; path = NicknameView.swift; sourceTree = "<group>"; };
		DC18740027A2653B00DE4FBD /* BirthView.swift */ = {isa = PBXFileReference; lastKnownFileType = sourcecode.swift; path = BirthView.swift; sourceTree = "<group>"; };
		DC18740227A266CF00DE4FBD /* EmailView.swift */ = {isa = PBXFileReference; lastKnownFileType = sourcecode.swift; path = EmailView.swift; sourceTree = "<group>"; };
		DC18740427A267EF00DE4FBD /* GenderView.swift */ = {isa = PBXFileReference; lastKnownFileType = sourcecode.swift; path = GenderView.swift; sourceTree = "<group>"; };
		DC18740627A2729700DE4FBD /* TwoButtonTableViewCell.swift */ = {isa = PBXFileReference; lastKnownFileType = sourcecode.swift; path = TwoButtonTableViewCell.swift; sourceTree = "<group>"; };
		DC18740827A2CE9300DE4FBD /* TextfieldTableViewCell.swift */ = {isa = PBXFileReference; lastKnownFileType = sourcecode.swift; path = TextfieldTableViewCell.swift; sourceTree = "<group>"; };
		DC18740A27A2D53500DE4FBD /* SwitchTableViewCell.swift */ = {isa = PBXFileReference; lastKnownFileType = sourcecode.swift; path = SwitchTableViewCell.swift; sourceTree = "<group>"; };
		DC18740C27A2D66200DE4FBD /* LabelTableViewCell.swift */ = {isa = PBXFileReference; lastKnownFileType = sourcecode.swift; path = LabelTableViewCell.swift; sourceTree = "<group>"; };
		DC18740E27A2D7AF00DE4FBD /* DoubleSliderTableViewCell.swift */ = {isa = PBXFileReference; lastKnownFileType = sourcecode.swift; path = DoubleSliderTableViewCell.swift; sourceTree = "<group>"; };
		DC22859E27CB48F400089960 /* PurchasePopUpViewController.swift */ = {isa = PBXFileReference; lastKnownFileType = sourcecode.swift; path = PurchasePopUpViewController.swift; sourceTree = "<group>"; };
		DC2285A027CB491D00089960 /* PurchasePopUpView.swift */ = {isa = PBXFileReference; lastKnownFileType = sourcecode.swift; path = PurchasePopUpView.swift; sourceTree = "<group>"; };
		DC22860027CCD54900089960 /* WithdrawPopUpViewController.swift */ = {isa = PBXFileReference; lastKnownFileType = sourcecode.swift; path = WithdrawPopUpViewController.swift; sourceTree = "<group>"; };
		DC22860227CCD58000089960 /* WithdrawPopUpView.swift */ = {isa = PBXFileReference; lastKnownFileType = sourcecode.swift; path = WithdrawPopUpView.swift; sourceTree = "<group>"; };
		DC22860F27CF1FB300089960 /* SeSAC_Friends.entitlements */ = {isa = PBXFileReference; lastKnownFileType = text.plist.entitlements; path = SeSAC_Friends.entitlements; sourceTree = "<group>"; };
		DC68264927C63EFF00B7F49E /* SocketIOManager.swift */ = {isa = PBXFileReference; lastKnownFileType = sourcecode.swift; path = SocketIOManager.swift; sourceTree = "<group>"; };
		DC68265027C908C700B7F49E /* ViewController+Extension.swift */ = {isa = PBXFileReference; lastKnownFileType = sourcecode.swift; path = "ViewController+Extension.swift"; sourceTree = "<group>"; };
		DC68265527C9E2D600B7F49E /* LaunchViewController.swift */ = {isa = PBXFileReference; lastKnownFileType = sourcecode.swift; path = LaunchViewController.swift; sourceTree = "<group>"; };
		DC6E55D927A97CE500998FF9 /* APIenum.swift */ = {isa = PBXFileReference; lastKnownFileType = sourcecode.swift; path = APIenum.swift; sourceTree = "<group>"; };
		DC6E55DD27AA519200998FF9 /* APIStatusResult.swift */ = {isa = PBXFileReference; lastKnownFileType = sourcecode.swift; path = APIStatusResult.swift; sourceTree = "<group>"; };
		DC6E55E027AAD6B300998FF9 /* HobbySearchViewController.swift */ = {isa = PBXFileReference; lastKnownFileType = sourcecode.swift; path = HobbySearchViewController.swift; sourceTree = "<group>"; };
		DC6E55E227AAD71A00998FF9 /* HobbySearchView.swift */ = {isa = PBXFileReference; lastKnownFileType = sourcecode.swift; path = HobbySearchView.swift; sourceTree = "<group>"; };
		DC6E55E427AAD83900998FF9 /* HomeView.swift */ = {isa = PBXFileReference; lastKnownFileType = sourcecode.swift; path = HomeView.swift; sourceTree = "<group>"; };
		DC6E55E627ABCC3A00998FF9 /* CollectionViewLeftAlignFlowLayout.swift */ = {isa = PBXFileReference; lastKnownFileType = sourcecode.swift; path = CollectionViewLeftAlignFlowLayout.swift; sourceTree = "<group>"; };
		DC6E9F4B27C13E54009D2DAD /* FriendsDodgeViewController.swift */ = {isa = PBXFileReference; lastKnownFileType = sourcecode.swift; path = FriendsDodgeViewController.swift; sourceTree = "<group>"; };
		DC6E9F4D27C13E5C009D2DAD /* FriendsDodgeView.swift */ = {isa = PBXFileReference; lastKnownFileType = sourcecode.swift; path = FriendsDodgeView.swift; sourceTree = "<group>"; };
		DC6E9F5027C15046009D2DAD /* ShopView.swift */ = {isa = PBXFileReference; lastKnownFileType = sourcecode.swift; path = ShopView.swift; sourceTree = "<group>"; };
		DC6E9F5227C1DA25009D2DAD /* CharacterShopView.swift */ = {isa = PBXFileReference; lastKnownFileType = sourcecode.swift; path = CharacterShopView.swift; sourceTree = "<group>"; };
		DC6E9F5427C1DA45009D2DAD /* CharacterShopViewController.swift */ = {isa = PBXFileReference; lastKnownFileType = sourcecode.swift; path = CharacterShopViewController.swift; sourceTree = "<group>"; };
		DC6E9F5627C1DA58009D2DAD /* BackgroundShopView.swift */ = {isa = PBXFileReference; lastKnownFileType = sourcecode.swift; path = BackgroundShopView.swift; sourceTree = "<group>"; };
		DC6E9F5827C1DA64009D2DAD /* BackgroundShopViewController.swift */ = {isa = PBXFileReference; lastKnownFileType = sourcecode.swift; path = BackgroundShopViewController.swift; sourceTree = "<group>"; };
		DC6E9F5A27C20105009D2DAD /* SeSacCharacterCollectionViewCell.swift */ = {isa = PBXFileReference; lastKnownFileType = sourcecode.swift; path = SeSacCharacterCollectionViewCell.swift; sourceTree = "<group>"; };
		DC6E9F5E27C26306009D2DAD /* SeSacBackgroundTableViewCell.swift */ = {isa = PBXFileReference; lastKnownFileType = sourcecode.swift; path = SeSacBackgroundTableViewCell.swift; sourceTree = "<group>"; };
		DC6E9F6027C321B2009D2DAD /* RequestPopUpView.swift */ = {isa = PBXFileReference; lastKnownFileType = sourcecode.swift; path = RequestPopUpView.swift; sourceTree = "<group>"; };
		DC6E9F6227C321BF009D2DAD /* RequestPopUpViewController.swift */ = {isa = PBXFileReference; lastKnownFileType = sourcecode.swift; path = RequestPopUpViewController.swift; sourceTree = "<group>"; };
		DC6E9F6427C34872009D2DAD /* AcceptPopUpViewController.swift */ = {isa = PBXFileReference; lastKnownFileType = sourcecode.swift; path = AcceptPopUpViewController.swift; sourceTree = "<group>"; };
		DC6E9F6627C34890009D2DAD /* AcceptPopUpView.swift */ = {isa = PBXFileReference; lastKnownFileType = sourcecode.swift; path = AcceptPopUpView.swift; sourceTree = "<group>"; };
		DC6E9F7127C39F2A009D2DAD /* ChattingViewModel.swift */ = {isa = PBXFileReference; lastKnownFileType = sourcecode.swift; path = ChattingViewModel.swift; sourceTree = "<group>"; };
		DCA1AABD279DA7CA002194B4 /* Endpoint.swift */ = {isa = PBXFileReference; lastKnownFileType = sourcecode.swift; path = Endpoint.swift; sourceTree = "<group>"; };
		DCA1AABF279E4531002194B4 /* UserViewModel.swift */ = {isa = PBXFileReference; lastKnownFileType = sourcecode.swift; path = UserViewModel.swift; sourceTree = "<group>"; };
		DCA1AAC2279E94D1002194B4 /* UserdefualtKey.swift */ = {isa = PBXFileReference; lastKnownFileType = sourcecode.swift; path = UserdefualtKey.swift; sourceTree = "<group>"; };
		DCA592D327BA2E610088940B /* MatchingStateEnum.swift */ = {isa = PBXFileReference; lastKnownFileType = sourcecode.swift; path = MatchingStateEnum.swift; sourceTree = "<group>"; };
		DCA592D527BA36F70088940B /* ReviewDetailViewController.swift */ = {isa = PBXFileReference; lastKnownFileType = sourcecode.swift; path = ReviewDetailViewController.swift; sourceTree = "<group>"; };
		DCA592D727BA36FE0088940B /* ReviewDetailView.swift */ = {isa = PBXFileReference; lastKnownFileType = sourcecode.swift; path = ReviewDetailView.swift; sourceTree = "<group>"; };
		DCA592D927BA38A20088940B /* TextViewTableViewCell.swift */ = {isa = PBXFileReference; lastKnownFileType = sourcecode.swift; path = TextViewTableViewCell.swift; sourceTree = "<group>"; };
		DCA592DB27BAB47A0088940B /* EmptySeSacTableViewCell.swift */ = {isa = PBXFileReference; lastKnownFileType = sourcecode.swift; path = EmptySeSacTableViewCell.swift; sourceTree = "<group>"; };
		DCA592DD27BB5A740088940B /* ChattingViewController.swift */ = {isa = PBXFileReference; lastKnownFileType = sourcecode.swift; path = ChattingViewController.swift; sourceTree = "<group>"; };
		DCA592DF27BB5A7F0088940B /* ChattingView.swift */ = {isa = PBXFileReference; lastKnownFileType = sourcecode.swift; path = ChattingView.swift; sourceTree = "<group>"; };
		DCA592E127BB7F2E0088940B /* MyChattingTableViewCell.swift */ = {isa = PBXFileReference; lastKnownFileType = sourcecode.swift; path = MyChattingTableViewCell.swift; sourceTree = "<group>"; };
		DCA592E327BB7F3C0088940B /* FriendsChattingTableViewCell.swift */ = {isa = PBXFileReference; lastKnownFileType = sourcecode.swift; path = FriendsChattingTableViewCell.swift; sourceTree = "<group>"; };
		DCA592EA27BE99A40088940B /* FriendsReviewViewController.swift */ = {isa = PBXFileReference; lastKnownFileType = sourcecode.swift; path = FriendsReviewViewController.swift; sourceTree = "<group>"; };
		DCA592EC27BE99AC0088940B /* FriendsReviewView.swift */ = {isa = PBXFileReference; lastKnownFileType = sourcecode.swift; path = FriendsReviewView.swift; sourceTree = "<group>"; };
		DCA592EE27C0F1C60088940B /* FriendsReportView.swift */ = {isa = PBXFileReference; lastKnownFileType = sourcecode.swift; path = FriendsReportView.swift; sourceTree = "<group>"; };
		DCA592F027C0F1D50088940B /* FriendsReportViewController.swift */ = {isa = PBXFileReference; lastKnownFileType = sourcecode.swift; path = FriendsReportViewController.swift; sourceTree = "<group>"; };
		DCC419EB27A44845006B2904 /* ButtonCollectionViewCell.swift */ = {isa = PBXFileReference; lastKnownFileType = sourcecode.swift; path = ButtonCollectionViewCell.swift; sourceTree = "<group>"; };
		DCC419ED27A44850006B2904 /* CollectionViewCell.swift */ = {isa = PBXFileReference; lastKnownFileType = sourcecode.swift; path = CollectionViewCell.swift; sourceTree = "<group>"; };
		DCC419EF27A78D44006B2904 /* MyInfoView.swift */ = {isa = PBXFileReference; lastKnownFileType = sourcecode.swift; path = MyInfoView.swift; sourceTree = "<group>"; };
		DCC419F627A7DE86006B2904 /* OutputDataStruct.swift */ = {isa = PBXFileReference; lastKnownFileType = sourcecode.swift; path = OutputDataStruct.swift; sourceTree = "<group>"; };
		DCC8DEB627B4D222003E6080 /* SubButton.swift */ = {isa = PBXFileReference; lastKnownFileType = sourcecode.swift; path = SubButton.swift; sourceTree = "<group>"; };
		DCC8DEB827B4D22C003E6080 /* SubButtonStatus.swift */ = {isa = PBXFileReference; lastKnownFileType = sourcecode.swift; path = SubButtonStatus.swift; sourceTree = "<group>"; };
		DCDCC2DE279FD29500FB142B /* OnBoardingViewController.swift */ = {isa = PBXFileReference; lastKnownFileType = sourcecode.swift; path = OnBoardingViewController.swift; sourceTree = "<group>"; };
		DCDCC2E0279FF27500FB142B /* OnBoardingTitleCollectionViewCell.swift */ = {isa = PBXFileReference; lastKnownFileType = sourcecode.swift; path = OnBoardingTitleCollectionViewCell.swift; sourceTree = "<group>"; };
		DCDCC2E227A0332B00FB142B /* OnboardingView.swift */ = {isa = PBXFileReference; lastKnownFileType = sourcecode.swift; path = OnboardingView.swift; sourceTree = "<group>"; };
		DCDE36642799A0300077847C /* Toast+Extension.swift */ = {isa = PBXFileReference; lastKnownFileType = sourcecode.swift; path = "Toast+Extension.swift"; sourceTree = "<group>"; };
		DCDE36662799B1440077847C /* LoginConfirmViewController.swift */ = {isa = PBXFileReference; lastKnownFileType = sourcecode.swift; path = LoginConfirmViewController.swift; sourceTree = "<group>"; };
		DCDE36682799BE190077847C /* NicknameViewController.swift */ = {isa = PBXFileReference; lastKnownFileType = sourcecode.swift; path = NicknameViewController.swift; sourceTree = "<group>"; };
		DCDE366A2799C0BD0077847C /* BirthViewController.swift */ = {isa = PBXFileReference; lastKnownFileType = sourcecode.swift; path = BirthViewController.swift; sourceTree = "<group>"; };
		DCDE366C279A9A4C0077847C /* EmailViewController.swift */ = {isa = PBXFileReference; lastKnownFileType = sourcecode.swift; path = EmailViewController.swift; sourceTree = "<group>"; };
		DCDE366E279AB8920077847C /* GenderViewController.swift */ = {isa = PBXFileReference; lastKnownFileType = sourcecode.swift; path = GenderViewController.swift; sourceTree = "<group>"; };
		DCDE3671279C3A940077847C /* HomeViewController.swift */ = {isa = PBXFileReference; lastKnownFileType = sourcecode.swift; path = HomeViewController.swift; sourceTree = "<group>"; };
		DCE2D1B8279694720018895F /* SeSAC_Friends.app */ = {isa = PBXFileReference; explicitFileType = wrapper.application; includeInIndex = 0; path = SeSAC_Friends.app; sourceTree = BUILT_PRODUCTS_DIR; };
		DCE2D1BB279694720018895F /* AppDelegate.swift */ = {isa = PBXFileReference; lastKnownFileType = sourcecode.swift; path = AppDelegate.swift; sourceTree = "<group>"; };
		DCE2D1BD279694720018895F /* SceneDelegate.swift */ = {isa = PBXFileReference; lastKnownFileType = sourcecode.swift; path = SceneDelegate.swift; sourceTree = "<group>"; };
		DCE2D1C4279694750018895F /* Assets.xcassets */ = {isa = PBXFileReference; lastKnownFileType = folder.assetcatalog; path = Assets.xcassets; sourceTree = "<group>"; };
		DCE2D1C7279694750018895F /* Base */ = {isa = PBXFileReference; lastKnownFileType = file.storyboard; name = Base; path = Base.lproj/LaunchScreen.storyboard; sourceTree = "<group>"; };
		DCE2D1C9279694750018895F /* Info.plist */ = {isa = PBXFileReference; lastKnownFileType = text.plist.xml; path = Info.plist; sourceTree = "<group>"; };
		DCE2D1CF279694BE0018895F /* GoogleService-Info.plist */ = {isa = PBXFileReference; fileEncoding = 4; lastKnownFileType = text.plist.xml; name = "GoogleService-Info.plist"; path = "../../../Desktop/SeSAC_자료/강의자료/SeSAC_SPL/GoogleService-Info.plist"; sourceTree = "<group>"; };
		DCE2D1DB2796A9080018895F /* MainButton.swift */ = {isa = PBXFileReference; lastKnownFileType = sourcecode.swift; path = MainButton.swift; sourceTree = "<group>"; };
		DCE2D1DD2796C9D40018895F /* MainButtonStatus.swift */ = {isa = PBXFileReference; lastKnownFileType = sourcecode.swift; path = MainButtonStatus.swift; sourceTree = "<group>"; };
		DCE2D1E02796CCD30018895F /* MainTextFieldStatus.swift */ = {isa = PBXFileReference; lastKnownFileType = sourcecode.swift; path = MainTextFieldStatus.swift; sourceTree = "<group>"; };
		DCE2D1E22796D5310018895F /* ChatTextFieldStatus.swift */ = {isa = PBXFileReference; lastKnownFileType = sourcecode.swift; path = ChatTextFieldStatus.swift; sourceTree = "<group>"; };
		DCE2D1E52796D6DF0018895F /* NotoSansKR-Medium.otf */ = {isa = PBXFileReference; lastKnownFileType = file; name = "NotoSansKR-Medium.otf"; path = "../../../../Downloads/Noto_Sans_KR/NotoSansKR-Medium.otf"; sourceTree = "<group>"; };
		DCE2D1E72796D6EC0018895F /* NotoSansKR-Regular.otf */ = {isa = PBXFileReference; lastKnownFileType = file; name = "NotoSansKR-Regular.otf"; path = "../../../../Downloads/Noto_Sans_KR/NotoSansKR-Regular.otf"; sourceTree = "<group>"; };
		DCE2D1EA2796DB8C0018895F /* UIColor+Extension.swift */ = {isa = PBXFileReference; lastKnownFileType = sourcecode.swift; path = "UIColor+Extension.swift"; sourceTree = "<group>"; };
		DCE2D1EC2796FF950018895F /* UIFont+Extension.swift */ = {isa = PBXFileReference; lastKnownFileType = sourcecode.swift; path = "UIFont+Extension.swift"; sourceTree = "<group>"; };
		DCE2D1EF27970E000018895F /* LoginViewController.swift */ = {isa = PBXFileReference; lastKnownFileType = sourcecode.swift; path = LoginViewController.swift; sourceTree = "<group>"; };
		DCE2D1F327979C010018895F /* MainTextFieldView.swift */ = {isa = PBXFileReference; lastKnownFileType = sourcecode.swift; path = MainTextFieldView.swift; sourceTree = "<group>"; };
		DCE2D1F52797CD680018895F /* MainTextFieldTestViewController.swift */ = {isa = PBXFileReference; lastKnownFileType = sourcecode.swift; path = MainTextFieldTestViewController.swift; sourceTree = "<group>"; };
		DCE2D1F9279809D40018895F /* MainButtonTestViewController.swift */ = {isa = PBXFileReference; lastKnownFileType = sourcecode.swift; path = MainButtonTestViewController.swift; sourceTree = "<group>"; };
		DCE678E227A2E61800ACB1A7 /* TableViewCell.swift */ = {isa = PBXFileReference; lastKnownFileType = sourcecode.swift; path = TableViewCell.swift; sourceTree = "<group>"; };
		DCE678E427A2EA4D00ACB1A7 /* CardTableViewCell.swift */ = {isa = PBXFileReference; lastKnownFileType = sourcecode.swift; path = CardTableViewCell.swift; sourceTree = "<group>"; };
		DCF8942E27B0B9E3001BE5DF /* QueueViewModel.swift */ = {isa = PBXFileReference; lastKnownFileType = sourcecode.swift; path = QueueViewModel.swift; sourceTree = "<group>"; };
		DCF8943027B21D12001BE5DF /* SeSecFindView.swift */ = {isa = PBXFileReference; lastKnownFileType = sourcecode.swift; path = SeSecFindView.swift; sourceTree = "<group>"; };
		DCF8943227B21D1D001BE5DF /* SeSacFindViewController.swift */ = {isa = PBXFileReference; lastKnownFileType = sourcecode.swift; path = SeSacFindViewController.swift; sourceTree = "<group>"; };
		DCF8943727B22B7F001BE5DF /* NearSeSacViewController.swift */ = {isa = PBXFileReference; lastKnownFileType = sourcecode.swift; path = NearSeSacViewController.swift; sourceTree = "<group>"; };
		DCF8943927B22B8F001BE5DF /* RecivedViewController.swift */ = {isa = PBXFileReference; lastKnownFileType = sourcecode.swift; path = RecivedViewController.swift; sourceTree = "<group>"; };
		DCF8943B27B22BCE001BE5DF /* NearSeSacView.swift */ = {isa = PBXFileReference; lastKnownFileType = sourcecode.swift; path = NearSeSacView.swift; sourceTree = "<group>"; };
		DCF8943D27B22BDF001BE5DF /* RecivedView.swift */ = {isa = PBXFileReference; lastKnownFileType = sourcecode.swift; path = RecivedView.swift; sourceTree = "<group>"; };
/* End PBXFileReference section */

/* Begin PBXFrameworksBuildPhase section */
		DCE2D1B5279694720018895F /* Frameworks */ = {
			isa = PBXFrameworksBuildPhase;
			buildActionMask = 2147483647;
			files = (
				DC68265C27C9E7CE00B7F49E /* JGProgressHUD in Frameworks */,
				DCE2D20027985D5F0018895F /* RxCocoa in Frameworks */,
				DC68265427C9125C00B7F49E /* RxKeyboard in Frameworks */,
				DCCF9AB827EC5EB500B07300 /* RealmSwift in Frameworks */,
				DCE678E127A2DC0D00ACB1A7 /* MultiSlider in Frameworks */,
				DCA1AAB9279D7B4F002194B4 /* FirebaseAuth in Frameworks */,
				DC68264D27C6700800B7F49E /* SocketIO in Frameworks */,
				DCCF9AB627EC5EB500B07300 /* Realm in Frameworks */,
				DCA1AABB279D7B4F002194B4 /* FirebaseMessaging in Frameworks */,
				DCE2D20227985D5F0018895F /* RxSwift in Frameworks */,
				DC6E9F7027C36505009D2DAD /* Alamofire in Frameworks */,
				DCDE36632799A0010077847C /* Toast in Frameworks */,
				DCE2D1D827969AE10018895F /* SnapKit in Frameworks */,
			);
			runOnlyForDeploymentPostprocessing = 0;
		};
/* End PBXFrameworksBuildPhase section */

/* Begin PBXGroup section */
		DC1873EC27A151CB00DE4FBD /* MyPage */ = {
			isa = PBXGroup;
			children = (
				DC1873E827A1117A00DE4FBD /* MyPageViewController.swift */,
				DC1873F627A2466300DE4FBD /* MyPageView.swift */,
				DC1873F227A1971900DE4FBD /* MyInfoViewController.swift */,
				DCC419EF27A78D44006B2904 /* MyInfoView.swift */,
				DC22860027CCD54900089960 /* WithdrawPopUpViewController.swift */,
				DC22860227CCD58000089960 /* WithdrawPopUpView.swift */,
			);
			path = MyPage;
			sourceTree = "<group>";
		};
		DC1873EF27A192F300DE4FBD /* TableViewCell */ = {
			isa = PBXGroup;
			children = (
				DCE678E227A2E61800ACB1A7 /* TableViewCell.swift */,
				DC1873F427A19D2600DE4FBD /* CharactorTableViewCell.swift */,
				DC1873ED27A151E200DE4FBD /* ProfileTableViewCell.swift */,
				DC1873F027A1930D00DE4FBD /* IconTableViewCell.swift */,
				DC18740627A2729700DE4FBD /* TwoButtonTableViewCell.swift */,
				DC18740827A2CE9300DE4FBD /* TextfieldTableViewCell.swift */,
				DC18740C27A2D66200DE4FBD /* LabelTableViewCell.swift */,
				DC18740A27A2D53500DE4FBD /* SwitchTableViewCell.swift */,
				DC18740E27A2D7AF00DE4FBD /* DoubleSliderTableViewCell.swift */,
				DCE678E427A2EA4D00ACB1A7 /* CardTableViewCell.swift */,
				DCA592D927BA38A20088940B /* TextViewTableViewCell.swift */,
				DCA592DB27BAB47A0088940B /* EmptySeSacTableViewCell.swift */,
				DCA592E127BB7F2E0088940B /* MyChattingTableViewCell.swift */,
				DCA592E327BB7F3C0088940B /* FriendsChattingTableViewCell.swift */,
				DC6E9F5E27C26306009D2DAD /* SeSacBackgroundTableViewCell.swift */,
			);
			path = TableViewCell;
			sourceTree = "<group>";
		};
		DC6E55DF27AABFCD00998FF9 /* Home */ = {
			isa = PBXGroup;
			children = (
				DCA592E927BE99790088940B /* Chatting */,
				DCDE3671279C3A940077847C /* HomeViewController.swift */,
				DC6E55E427AAD83900998FF9 /* HomeView.swift */,
				DC6E55E027AAD6B300998FF9 /* HobbySearchViewController.swift */,
				DC6E55E227AAD71A00998FF9 /* HobbySearchView.swift */,
				DCF8943027B21D12001BE5DF /* SeSecFindView.swift */,
				DCF8943227B21D1D001BE5DF /* SeSacFindViewController.swift */,
				DCF8943727B22B7F001BE5DF /* NearSeSacViewController.swift */,
				DCF8943B27B22BCE001BE5DF /* NearSeSacView.swift */,
				DCF8943927B22B8F001BE5DF /* RecivedViewController.swift */,
				DCF8943D27B22BDF001BE5DF /* RecivedView.swift */,
				DCA592D527BA36F70088940B /* ReviewDetailViewController.swift */,
				DCA592D727BA36FE0088940B /* ReviewDetailView.swift */,
				DC6E9F6027C321B2009D2DAD /* RequestPopUpView.swift */,
				DC6E9F6227C321BF009D2DAD /* RequestPopUpViewController.swift */,
				DC6E9F6427C34872009D2DAD /* AcceptPopUpViewController.swift */,
				DC6E9F6627C34890009D2DAD /* AcceptPopUpView.swift */,
			);
			path = Home;
			sourceTree = "<group>";
		};
		DC6E9F4F27C14FC0009D2DAD /* Shop */ = {
			isa = PBXGroup;
			children = (
				DC1873E427A1113200DE4FBD /* ShopViewController.swift */,
				DC6E9F5027C15046009D2DAD /* ShopView.swift */,
				DC6E9F5227C1DA25009D2DAD /* CharacterShopView.swift */,
				DC6E9F5427C1DA45009D2DAD /* CharacterShopViewController.swift */,
				DC6E9F5627C1DA58009D2DAD /* BackgroundShopView.swift */,
				DC6E9F5827C1DA64009D2DAD /* BackgroundShopViewController.swift */,
				DC22859E27CB48F400089960 /* PurchasePopUpViewController.swift */,
				DC2285A027CB491D00089960 /* PurchasePopUpView.swift */,
			);
			path = Shop;
			sourceTree = "<group>";
		};
		DCA1AABC279DA7BA002194B4 /* API */ = {
			isa = PBXGroup;
			children = (
				DCA1AABD279DA7CA002194B4 /* Endpoint.swift */,
				DC6E55D927A97CE500998FF9 /* APIenum.swift */,
				DC6E55DD27AA519200998FF9 /* APIStatusResult.swift */,
				DCC419F627A7DE86006B2904 /* OutputDataStruct.swift */,
			);
			path = API;
			sourceTree = "<group>";
		};
		DCA592E927BE99790088940B /* Chatting */ = {
			isa = PBXGroup;
			children = (
				DCA592DF27BB5A7F0088940B /* ChattingView.swift */,
				DCA592DD27BB5A740088940B /* ChattingViewController.swift */,
				DCA592EA27BE99A40088940B /* FriendsReviewViewController.swift */,
				DCA592EC27BE99AC0088940B /* FriendsReviewView.swift */,
				DCA592F027C0F1D50088940B /* FriendsReportViewController.swift */,
				DCA592EE27C0F1C60088940B /* FriendsReportView.swift */,
				DC6E9F4B27C13E54009D2DAD /* FriendsDodgeViewController.swift */,
				DC6E9F4D27C13E5C009D2DAD /* FriendsDodgeView.swift */,
			);
			path = Chatting;
			sourceTree = "<group>";
		};
		DCC419EA27A44832006B2904 /* CollectionViewCell */ = {
			isa = PBXGroup;
			children = (
				DCC419EB27A44845006B2904 /* ButtonCollectionViewCell.swift */,
				DC6E55E627ABCC3A00998FF9 /* CollectionViewLeftAlignFlowLayout.swift */,
				DCC419ED27A44850006B2904 /* CollectionViewCell.swift */,
				DC6E9F5A27C20105009D2DAD /* SeSacCharacterCollectionViewCell.swift */,
			);
			path = CollectionViewCell;
			sourceTree = "<group>";
		};
		DCC419F427A7DDFF006B2904 /* ViewController */ = {
			isa = PBXGroup;
			children = (
				DCDCC2DD279FD27B00FB142B /* OnBoarding */,
				DCE2D1EE27970DEC0018895F /* Authorization */,
				DCDE3670279C3A790077847C /* Main */,
				DC68265527C9E2D600B7F49E /* LaunchViewController.swift */,
			);
			path = ViewController;
			sourceTree = "<group>";
		};
		DCC419F527A7DE06006B2904 /* ViewModel */ = {
			isa = PBXGroup;
			children = (
				DCA1AABF279E4531002194B4 /* UserViewModel.swift */,
				DCF8942E27B0B9E3001BE5DF /* QueueViewModel.swift */,
				DC6E9F7127C39F2A009D2DAD /* ChattingViewModel.swift */,
			);
			path = ViewModel;
			sourceTree = "<group>";
		};
		DCDCC2DD279FD27B00FB142B /* OnBoarding */ = {
			isa = PBXGroup;
			children = (
				DCDCC2DE279FD29500FB142B /* OnBoardingViewController.swift */,
				DCDCC2E0279FF27500FB142B /* OnBoardingTitleCollectionViewCell.swift */,
				DCDCC2E227A0332B00FB142B /* OnboardingView.swift */,
			);
			path = OnBoarding;
			sourceTree = "<group>";
		};
		DCDE3670279C3A790077847C /* Main */ = {
			isa = PBXGroup;
			children = (
				DC6E9F4F27C14FC0009D2DAD /* Shop */,
				DC6E55DF27AABFCD00998FF9 /* Home */,
				DC1873EC27A151CB00DE4FBD /* MyPage */,
				DC1873EA27A1140E00DE4FBD /* MainViewController.swift */,
			);
			path = Main;
			sourceTree = "<group>";
		};
		DCE2D1AF279694720018895F = {
			isa = PBXGroup;
			children = (
				DCE2D1BA279694720018895F /* SeSAC_Friends */,
				DCE2D1B9279694720018895F /* Products */,
			);
			sourceTree = "<group>";
		};
		DCE2D1B9279694720018895F /* Products */ = {
			isa = PBXGroup;
			children = (
				DCE2D1B8279694720018895F /* SeSAC_Friends.app */,
			);
			name = Products;
			sourceTree = "<group>";
		};
		DCE2D1BA279694720018895F /* SeSAC_Friends */ = {
			isa = PBXGroup;
			children = (
				DC22860F27CF1FB300089960 /* SeSAC_Friends.entitlements */,
				DCF8942D27AF92FE001BE5DF /* Custom */,
				DCC419F527A7DE06006B2904 /* ViewModel */,
				DCC419F427A7DDFF006B2904 /* ViewController */,
				DCA1AABC279DA7BA002194B4 /* API */,
				DCE2D1E92796DB820018895F /* Extension */,
				DCE2D1E42796D6D00018895F /* Font */,
				DCE2D1BB279694720018895F /* AppDelegate.swift */,
				DCE2D1BD279694720018895F /* SceneDelegate.swift */,
				DC1873F827A25EF000DE4FBD /* ViewRepresentable.swift */,
				DCA1AAC2279E94D1002194B4 /* UserdefualtKey.swift */,
				DCA592D327BA2E610088940B /* MatchingStateEnum.swift */,
				DC184DCD27C3E35200B12AEC /* RealmModel.swift */,
				DC68264927C63EFF00B7F49E /* SocketIOManager.swift */,
				DCE2D1C4279694750018895F /* Assets.xcassets */,
				DCE2D1C6279694750018895F /* LaunchScreen.storyboard */,
				DCE2D1CF279694BE0018895F /* GoogleService-Info.plist */,
				DCE2D1C9279694750018895F /* Info.plist */,
			);
			path = SeSAC_Friends;
			sourceTree = "<group>";
		};
		DCE2D1DA2796A8E30018895F /* Button */ = {
			isa = PBXGroup;
			children = (
				DCE2D1DD2796C9D40018895F /* MainButtonStatus.swift */,
				DCE2D1DB2796A9080018895F /* MainButton.swift */,
				DCE2D1F9279809D40018895F /* MainButtonTestViewController.swift */,
				DCC8DEB627B4D222003E6080 /* SubButton.swift */,
				DCC8DEB827B4D22C003E6080 /* SubButtonStatus.swift */,
			);
			path = Button;
			sourceTree = "<group>";
		};
		DCE2D1DF2796CCC30018895F /* TextField */ = {
			isa = PBXGroup;
			children = (
				DCE2D1E02796CCD30018895F /* MainTextFieldStatus.swift */,
				DCE2D1E22796D5310018895F /* ChatTextFieldStatus.swift */,
				DCE2D1F327979C010018895F /* MainTextFieldView.swift */,
				DCE2D1F52797CD680018895F /* MainTextFieldTestViewController.swift */,
			);
			path = TextField;
			sourceTree = "<group>";
		};
		DCE2D1E42796D6D00018895F /* Font */ = {
			isa = PBXGroup;
			children = (
				DCE2D1E52796D6DF0018895F /* NotoSansKR-Medium.otf */,
				DCE2D1E72796D6EC0018895F /* NotoSansKR-Regular.otf */,
			);
			path = Font;
			sourceTree = "<group>";
		};
		DCE2D1E92796DB820018895F /* Extension */ = {
			isa = PBXGroup;
			children = (
				DCE2D1EA2796DB8C0018895F /* UIColor+Extension.swift */,
				DCE2D1EC2796FF950018895F /* UIFont+Extension.swift */,
				DCDE36642799A0300077847C /* Toast+Extension.swift */,
				DC184DCF27C4D42A00B12AEC /* Date+Extension.swift */,
				DC68265027C908C700B7F49E /* ViewController+Extension.swift */,
			);
			path = Extension;
			sourceTree = "<group>";
		};
		DCE2D1EE27970DEC0018895F /* Authorization */ = {
			isa = PBXGroup;
			children = (
				DCE2D1EF27970E000018895F /* LoginViewController.swift */,
				DC1873FA27A2603000DE4FBD /* LoginView.swift */,
				DCDE36662799B1440077847C /* LoginConfirmViewController.swift */,
				DC1873FC27A262B900DE4FBD /* LoginConfirmView.swift */,
				DCDE36682799BE190077847C /* NicknameViewController.swift */,
				DC1873FE27A2648700DE4FBD /* NicknameView.swift */,
				DCDE366A2799C0BD0077847C /* BirthViewController.swift */,
				DC18740027A2653B00DE4FBD /* BirthView.swift */,
				DCDE366C279A9A4C0077847C /* EmailViewController.swift */,
				DC18740227A266CF00DE4FBD /* EmailView.swift */,
				DCDE366E279AB8920077847C /* GenderViewController.swift */,
				DC18740427A267EF00DE4FBD /* GenderView.swift */,
			);
			path = Authorization;
			sourceTree = "<group>";
		};
		DCF8942D27AF92FE001BE5DF /* Custom */ = {
			isa = PBXGroup;
			children = (
				DC1873EF27A192F300DE4FBD /* TableViewCell */,
				DCC419EA27A44832006B2904 /* CollectionViewCell */,
				DCE2D1DA2796A8E30018895F /* Button */,
				DCE2D1DF2796CCC30018895F /* TextField */,
			);
			path = Custom;
			sourceTree = "<group>";
		};
/* End PBXGroup section */

/* Begin PBXNativeTarget section */
		DCE2D1B7279694720018895F /* SeSAC_Friends */ = {
			isa = PBXNativeTarget;
			buildConfigurationList = DCE2D1CC279694750018895F /* Build configuration list for PBXNativeTarget "SeSAC_Friends" */;
			buildPhases = (
				DCE2D1B4279694720018895F /* Sources */,
				DCE2D1B5279694720018895F /* Frameworks */,
				DCE2D1B6279694720018895F /* Resources */,
			);
			buildRules = (
			);
			dependencies = (
			);
			name = SeSAC_Friends;
			packageProductDependencies = (
				DCE2D1D727969AE10018895F /* SnapKit */,
				DCE2D1FF27985D5F0018895F /* RxCocoa */,
				DCE2D20127985D5F0018895F /* RxSwift */,
				DCDE36622799A0010077847C /* Toast */,
				DCA1AAB8279D7B4F002194B4 /* FirebaseAuth */,
				DCA1AABA279D7B4F002194B4 /* FirebaseMessaging */,
				DCE678E027A2DC0D00ACB1A7 /* MultiSlider */,
				DC6E9F6F27C36505009D2DAD /* Alamofire */,
				DC68264C27C6700800B7F49E /* SocketIO */,
				DC68265327C9125C00B7F49E /* RxKeyboard */,
				DC68265B27C9E7CE00B7F49E /* JGProgressHUD */,
				DCCF9AB527EC5EB500B07300 /* Realm */,
				DCCF9AB727EC5EB500B07300 /* RealmSwift */,
			);
			productName = SeSAC_Friends;
			productReference = DCE2D1B8279694720018895F /* SeSAC_Friends.app */;
			productType = "com.apple.product-type.application";
		};
/* End PBXNativeTarget section */

/* Begin PBXProject section */
		DCE2D1B0279694720018895F /* Project object */ = {
			isa = PBXProject;
			attributes = {
				BuildIndependentTargetsInParallel = 1;
				LastSwiftUpdateCheck = 1300;
				LastUpgradeCheck = 1300;
				TargetAttributes = {
					DCE2D1B7279694720018895F = {
						CreatedOnToolsVersion = 13.0;
					};
				};
			};
			buildConfigurationList = DCE2D1B3279694720018895F /* Build configuration list for PBXProject "SeSAC_Friends" */;
			compatibilityVersion = "Xcode 13.0";
			developmentRegion = en;
			hasScannedForEncodings = 0;
			knownRegions = (
				en,
				Base,
			);
			mainGroup = DCE2D1AF279694720018895F;
			packageReferences = (
				DCE2D1D627969AE00018895F /* XCRemoteSwiftPackageReference "SnapKit" */,
				DCE2D1FE27985D5F0018895F /* XCRemoteSwiftPackageReference "RxSwift" */,
				DCDE36612799A0010077847C /* XCRemoteSwiftPackageReference "Toast-Swift" */,
				DCA1AAB7279D7B4F002194B4 /* XCRemoteSwiftPackageReference "firebase-ios-sdk" */,
				DCE678DF27A2DC0D00ACB1A7 /* XCRemoteSwiftPackageReference "MultiSlider" */,
				DC6E9F6E27C36505009D2DAD /* XCRemoteSwiftPackageReference "Alamofire" */,
				DC68264B27C6700800B7F49E /* XCRemoteSwiftPackageReference "socket.io-client-swift" */,
				DC68265227C9125B00B7F49E /* XCRemoteSwiftPackageReference "RxKeyboard" */,
				DC68265A27C9E7CE00B7F49E /* XCRemoteSwiftPackageReference "JGProgressHUD" */,
				DCCF9AB427EC5EB400B07300 /* XCRemoteSwiftPackageReference "realm-cocoa" */,
			);
			productRefGroup = DCE2D1B9279694720018895F /* Products */;
			projectDirPath = "";
			projectRoot = "";
			targets = (
				DCE2D1B7279694720018895F /* SeSAC_Friends */,
			);
		};
/* End PBXProject section */

/* Begin PBXResourcesBuildPhase section */
		DCE2D1B6279694720018895F /* Resources */ = {
			isa = PBXResourcesBuildPhase;
			buildActionMask = 2147483647;
			files = (
				DCE2D1C8279694750018895F /* LaunchScreen.storyboard in Resources */,
				DCE2D1D0279694BE0018895F /* GoogleService-Info.plist in Resources */,
				DCE2D1E62796D6DF0018895F /* NotoSansKR-Medium.otf in Resources */,
				DCE2D1C5279694750018895F /* Assets.xcassets in Resources */,
				DCE2D1E82796D6EC0018895F /* NotoSansKR-Regular.otf in Resources */,
			);
			runOnlyForDeploymentPostprocessing = 0;
		};
/* End PBXResourcesBuildPhase section */

/* Begin PBXSourcesBuildPhase section */
		DCE2D1B4279694720018895F /* Sources */ = {
			isa = PBXSourcesBuildPhase;
			buildActionMask = 2147483647;
			files = (
				DCF8943C27B22BCE001BE5DF /* NearSeSacView.swift in Sources */,
				DCDE3672279C3A950077847C /* HomeViewController.swift in Sources */,
				DCE2D1F427979C020018895F /* MainTextFieldView.swift in Sources */,
				DCF8943E27B22BDF001BE5DF /* RecivedView.swift in Sources */,
				DCDE366F279AB8920077847C /* GenderViewController.swift in Sources */,
				DCDCC2E1279FF27500FB142B /* OnBoardingTitleCollectionViewCell.swift in Sources */,
				DCC8DEB927B4D22C003E6080 /* SubButtonStatus.swift in Sources */,
				DCE678E527A2EA4D00ACB1A7 /* CardTableViewCell.swift in Sources */,
				DC6E55DA27A97CE500998FF9 /* APIenum.swift in Sources */,
				DC1873F727A2466400DE4FBD /* MyPageView.swift in Sources */,
				DC184DD027C4D42A00B12AEC /* Date+Extension.swift in Sources */,
				DCF8943327B21D1D001BE5DF /* SeSacFindViewController.swift in Sources */,
				DCDCC2DF279FD29500FB142B /* OnBoardingViewController.swift in Sources */,
				DCA1AAC3279E94D2002194B4 /* UserdefualtKey.swift in Sources */,
				DCDE366B2799C0BD0077847C /* BirthViewController.swift in Sources */,
				DCDE366D279A9A4D0077847C /* EmailViewController.swift in Sources */,
				DCF8943827B22B7F001BE5DF /* NearSeSacViewController.swift in Sources */,
				DC22859F27CB48F400089960 /* PurchasePopUpViewController.swift in Sources */,
				DCA592DA27BA38A20088940B /* TextViewTableViewCell.swift in Sources */,
				DC6E9F6127C321B2009D2DAD /* RequestPopUpView.swift in Sources */,
				DCDE36652799A0300077847C /* Toast+Extension.swift in Sources */,
				DC1873FD27A262B900DE4FBD /* LoginConfirmView.swift in Sources */,
				DCA1AAC0279E4531002194B4 /* UserViewModel.swift in Sources */,
				DC1873E527A1113200DE4FBD /* ShopViewController.swift in Sources */,
				DCDCC2E327A0332B00FB142B /* OnboardingView.swift in Sources */,
				DCDE36692799BE190077847C /* NicknameViewController.swift in Sources */,
				DC6E9F5127C15046009D2DAD /* ShopView.swift in Sources */,
				DCE678E327A2E61800ACB1A7 /* TableViewCell.swift in Sources */,
				DC18740327A266CF00DE4FBD /* EmailView.swift in Sources */,
				DC6E55E327AAD71A00998FF9 /* HobbySearchView.swift in Sources */,
				DCA592D827BA36FE0088940B /* ReviewDetailView.swift in Sources */,
				DC1873FB27A2603000DE4FBD /* LoginView.swift in Sources */,
				DCF8943A27B22B8F001BE5DF /* RecivedViewController.swift in Sources */,
				DCA592D427BA2E610088940B /* MatchingStateEnum.swift in Sources */,
				DC68265627C9E2D600B7F49E /* LaunchViewController.swift in Sources */,
				DCA592E027BB5A7F0088940B /* ChattingView.swift in Sources */,
				DC6E9F5327C1DA25009D2DAD /* CharacterShopView.swift in Sources */,
				DCE2D1DE2796C9D50018895F /* MainButtonStatus.swift in Sources */,
				DCE2D1EB2796DB8C0018895F /* UIColor+Extension.swift in Sources */,
				DC1873EE27A151E200DE4FBD /* ProfileTableViewCell.swift in Sources */,
				DC6E55E527AAD83900998FF9 /* HomeView.swift in Sources */,
				DC1873EB27A1140E00DE4FBD /* MainViewController.swift in Sources */,
				DC18740927A2CE9400DE4FBD /* TextfieldTableViewCell.swift in Sources */,
				DC1873F327A1971900DE4FBD /* MyInfoViewController.swift in Sources */,
				DC6E55E727ABCC3A00998FF9 /* CollectionViewLeftAlignFlowLayout.swift in Sources */,
				DCE2D1FA279809D40018895F /* MainButtonTestViewController.swift in Sources */,
				DCF8943127B21D12001BE5DF /* SeSecFindView.swift in Sources */,
				DC6E9F6527C34872009D2DAD /* AcceptPopUpViewController.swift in Sources */,
				DC184DCE27C3E35200B12AEC /* RealmModel.swift in Sources */,
				DCA592EF27C0F1C70088940B /* FriendsReportView.swift in Sources */,
				DC22860127CCD54900089960 /* WithdrawPopUpViewController.swift in Sources */,
				DCA592ED27BE99AC0088940B /* FriendsReviewView.swift in Sources */,
				DC6E9F7227C39F2B009D2DAD /* ChattingViewModel.swift in Sources */,
				DC6E9F5927C1DA64009D2DAD /* BackgroundShopViewController.swift in Sources */,
				DC2285A127CB491D00089960 /* PurchasePopUpView.swift in Sources */,
				DCA592D627BA36F70088940B /* ReviewDetailViewController.swift in Sources */,
				DCC419F027A78D44006B2904 /* MyInfoView.swift in Sources */,
				DCDE36672799B1440077847C /* LoginConfirmViewController.swift in Sources */,
				DC6E9F6327C321BF009D2DAD /* RequestPopUpViewController.swift in Sources */,
				DC18740127A2653B00DE4FBD /* BirthView.swift in Sources */,
				DCA592E227BB7F2E0088940B /* MyChattingTableViewCell.swift in Sources */,
				DCC419EC27A44845006B2904 /* ButtonCollectionViewCell.swift in Sources */,
				DC6E9F4E27C13E5C009D2DAD /* FriendsDodgeView.swift in Sources */,
				DCE2D1BC279694720018895F /* AppDelegate.swift in Sources */,
				DCE2D1F72797F3320018895F /* MainTextFieldTestViewController.swift in Sources */,
				DCC419EE27A44850006B2904 /* CollectionViewCell.swift in Sources */,
				DCC8DEB727B4D222003E6080 /* SubButton.swift in Sources */,
				DCE2D1F027970E000018895F /* LoginViewController.swift in Sources */,
				DC6E9F6727C34890009D2DAD /* AcceptPopUpView.swift in Sources */,
				DC1873F527A19D2600DE4FBD /* CharactorTableViewCell.swift in Sources */,
				DC1873FF27A2648700DE4FBD /* NicknameView.swift in Sources */,
				DC68265127C908C700B7F49E /* ViewController+Extension.swift in Sources */,
				DCF8942F27B0B9E3001BE5DF /* QueueViewModel.swift in Sources */,
				DCE2D1DC2796A9080018895F /* MainButton.swift in Sources */,
				DCC419F727A7DE86006B2904 /* OutputDataStruct.swift in Sources */,
				DC18740727A2729700DE4FBD /* TwoButtonTableViewCell.swift in Sources */,
				DC1873F127A1930D00DE4FBD /* IconTableViewCell.swift in Sources */,
				DC6E9F5B27C20105009D2DAD /* SeSacCharacterCollectionViewCell.swift in Sources */,
				DCE2D1BE279694720018895F /* SceneDelegate.swift in Sources */,
				DC1873E927A1117A00DE4FBD /* MyPageViewController.swift in Sources */,
				DC68264A27C63EFF00B7F49E /* SocketIOManager.swift in Sources */,
				DC18740D27A2D66200DE4FBD /* LabelTableViewCell.swift in Sources */,
				DC6E9F5F27C26306009D2DAD /* SeSacBackgroundTableViewCell.swift in Sources */,
				DC6E55E127AAD6B300998FF9 /* HobbySearchViewController.swift in Sources */,
				DC22860327CCD58000089960 /* WithdrawPopUpView.swift in Sources */,
				DC6E55DE27AA519200998FF9 /* APIStatusResult.swift in Sources */,
				DCE2D1E12796CCD30018895F /* MainTextFieldStatus.swift in Sources */,
				DC6E9F5527C1DA45009D2DAD /* CharacterShopViewController.swift in Sources */,
				DC6E9F4C27C13E54009D2DAD /* FriendsDodgeViewController.swift in Sources */,
				DC18740527A267EF00DE4FBD /* GenderView.swift in Sources */,
				DCA592DE27BB5A740088940B /* ChattingViewController.swift in Sources */,
				DCA592E427BB7F3D0088940B /* FriendsChattingTableViewCell.swift in Sources */,
				DCE2D1ED2796FF950018895F /* UIFont+Extension.swift in Sources */,
				DC18740F27A2D7B000DE4FBD /* DoubleSliderTableViewCell.swift in Sources */,
				DC1873F927A25EF000DE4FBD /* ViewRepresentable.swift in Sources */,
				DC6E9F5727C1DA58009D2DAD /* BackgroundShopView.swift in Sources */,
				DCA592EB27BE99A40088940B /* FriendsReviewViewController.swift in Sources */,
				DCA592DC27BAB47B0088940B /* EmptySeSacTableViewCell.swift in Sources */,
				DCA592F127C0F1D50088940B /* FriendsReportViewController.swift in Sources */,
				DC18740B27A2D53500DE4FBD /* SwitchTableViewCell.swift in Sources */,
				DCA1AABE279DA7CA002194B4 /* Endpoint.swift in Sources */,
				DCE2D1E32796D5310018895F /* ChatTextFieldStatus.swift in Sources */,
			);
			runOnlyForDeploymentPostprocessing = 0;
		};
/* End PBXSourcesBuildPhase section */

/* Begin PBXVariantGroup section */
		DCE2D1C6279694750018895F /* LaunchScreen.storyboard */ = {
			isa = PBXVariantGroup;
			children = (
				DCE2D1C7279694750018895F /* Base */,
			);
			name = LaunchScreen.storyboard;
			sourceTree = "<group>";
		};
/* End PBXVariantGroup section */

/* Begin XCBuildConfiguration section */
		DCE2D1CA279694750018895F /* Debug */ = {
			isa = XCBuildConfiguration;
			buildSettings = {
				ALWAYS_SEARCH_USER_PATHS = NO;
				CLANG_ANALYZER_NONNULL = YES;
				CLANG_ANALYZER_NUMBER_OBJECT_CONVERSION = YES_AGGRESSIVE;
				CLANG_CXX_LANGUAGE_STANDARD = "gnu++17";
				CLANG_CXX_LIBRARY = "libc++";
				CLANG_ENABLE_MODULES = YES;
				CLANG_ENABLE_OBJC_ARC = YES;
				CLANG_ENABLE_OBJC_WEAK = YES;
				CLANG_WARN_BLOCK_CAPTURE_AUTORELEASING = YES;
				CLANG_WARN_BOOL_CONVERSION = YES;
				CLANG_WARN_COMMA = YES;
				CLANG_WARN_CONSTANT_CONVERSION = YES;
				CLANG_WARN_DEPRECATED_OBJC_IMPLEMENTATIONS = YES;
				CLANG_WARN_DIRECT_OBJC_ISA_USAGE = YES_ERROR;
				CLANG_WARN_DOCUMENTATION_COMMENTS = YES;
				CLANG_WARN_EMPTY_BODY = YES;
				CLANG_WARN_ENUM_CONVERSION = YES;
				CLANG_WARN_INFINITE_RECURSION = YES;
				CLANG_WARN_INT_CONVERSION = YES;
				CLANG_WARN_NON_LITERAL_NULL_CONVERSION = YES;
				CLANG_WARN_OBJC_IMPLICIT_RETAIN_SELF = YES;
				CLANG_WARN_OBJC_LITERAL_CONVERSION = YES;
				CLANG_WARN_OBJC_ROOT_CLASS = YES_ERROR;
				CLANG_WARN_QUOTED_INCLUDE_IN_FRAMEWORK_HEADER = YES;
				CLANG_WARN_RANGE_LOOP_ANALYSIS = YES;
				CLANG_WARN_STRICT_PROTOTYPES = YES;
				CLANG_WARN_SUSPICIOUS_MOVE = YES;
				CLANG_WARN_UNGUARDED_AVAILABILITY = YES_AGGRESSIVE;
				CLANG_WARN_UNREACHABLE_CODE = YES;
				CLANG_WARN__DUPLICATE_METHOD_MATCH = YES;
				COPY_PHASE_STRIP = NO;
				DEBUG_INFORMATION_FORMAT = dwarf;
				ENABLE_STRICT_OBJC_MSGSEND = YES;
				ENABLE_TESTABILITY = YES;
				GCC_C_LANGUAGE_STANDARD = gnu11;
				GCC_DYNAMIC_NO_PIC = NO;
				GCC_NO_COMMON_BLOCKS = YES;
				GCC_OPTIMIZATION_LEVEL = 0;
				GCC_PREPROCESSOR_DEFINITIONS = (
					"DEBUG=1",
					"$(inherited)",
				);
				GCC_WARN_64_TO_32_BIT_CONVERSION = YES;
				GCC_WARN_ABOUT_RETURN_TYPE = YES_ERROR;
				GCC_WARN_UNDECLARED_SELECTOR = YES;
				GCC_WARN_UNINITIALIZED_AUTOS = YES_AGGRESSIVE;
				GCC_WARN_UNUSED_FUNCTION = YES;
				GCC_WARN_UNUSED_VARIABLE = YES;
				IPHONEOS_DEPLOYMENT_TARGET = 15.0;
				MTL_ENABLE_DEBUG_INFO = INCLUDE_SOURCE;
				MTL_FAST_MATH = YES;
				ONLY_ACTIVE_ARCH = YES;
				SDKROOT = iphoneos;
				SWIFT_ACTIVE_COMPILATION_CONDITIONS = DEBUG;
				SWIFT_OPTIMIZATION_LEVEL = "-Onone";
			};
			name = Debug;
		};
		DCE2D1CB279694750018895F /* Release */ = {
			isa = XCBuildConfiguration;
			buildSettings = {
				ALWAYS_SEARCH_USER_PATHS = NO;
				CLANG_ANALYZER_NONNULL = YES;
				CLANG_ANALYZER_NUMBER_OBJECT_CONVERSION = YES_AGGRESSIVE;
				CLANG_CXX_LANGUAGE_STANDARD = "gnu++17";
				CLANG_CXX_LIBRARY = "libc++";
				CLANG_ENABLE_MODULES = YES;
				CLANG_ENABLE_OBJC_ARC = YES;
				CLANG_ENABLE_OBJC_WEAK = YES;
				CLANG_WARN_BLOCK_CAPTURE_AUTORELEASING = YES;
				CLANG_WARN_BOOL_CONVERSION = YES;
				CLANG_WARN_COMMA = YES;
				CLANG_WARN_CONSTANT_CONVERSION = YES;
				CLANG_WARN_DEPRECATED_OBJC_IMPLEMENTATIONS = YES;
				CLANG_WARN_DIRECT_OBJC_ISA_USAGE = YES_ERROR;
				CLANG_WARN_DOCUMENTATION_COMMENTS = YES;
				CLANG_WARN_EMPTY_BODY = YES;
				CLANG_WARN_ENUM_CONVERSION = YES;
				CLANG_WARN_INFINITE_RECURSION = YES;
				CLANG_WARN_INT_CONVERSION = YES;
				CLANG_WARN_NON_LITERAL_NULL_CONVERSION = YES;
				CLANG_WARN_OBJC_IMPLICIT_RETAIN_SELF = YES;
				CLANG_WARN_OBJC_LITERAL_CONVERSION = YES;
				CLANG_WARN_OBJC_ROOT_CLASS = YES_ERROR;
				CLANG_WARN_QUOTED_INCLUDE_IN_FRAMEWORK_HEADER = YES;
				CLANG_WARN_RANGE_LOOP_ANALYSIS = YES;
				CLANG_WARN_STRICT_PROTOTYPES = YES;
				CLANG_WARN_SUSPICIOUS_MOVE = YES;
				CLANG_WARN_UNGUARDED_AVAILABILITY = YES_AGGRESSIVE;
				CLANG_WARN_UNREACHABLE_CODE = YES;
				CLANG_WARN__DUPLICATE_METHOD_MATCH = YES;
				COPY_PHASE_STRIP = NO;
				DEBUG_INFORMATION_FORMAT = "dwarf-with-dsym";
				ENABLE_NS_ASSERTIONS = NO;
				ENABLE_STRICT_OBJC_MSGSEND = YES;
				GCC_C_LANGUAGE_STANDARD = gnu11;
				GCC_NO_COMMON_BLOCKS = YES;
				GCC_WARN_64_TO_32_BIT_CONVERSION = YES;
				GCC_WARN_ABOUT_RETURN_TYPE = YES_ERROR;
				GCC_WARN_UNDECLARED_SELECTOR = YES;
				GCC_WARN_UNINITIALIZED_AUTOS = YES_AGGRESSIVE;
				GCC_WARN_UNUSED_FUNCTION = YES;
				GCC_WARN_UNUSED_VARIABLE = YES;
				IPHONEOS_DEPLOYMENT_TARGET = 15.0;
				MTL_ENABLE_DEBUG_INFO = NO;
				MTL_FAST_MATH = YES;
				SDKROOT = iphoneos;
				SWIFT_COMPILATION_MODE = wholemodule;
				SWIFT_OPTIMIZATION_LEVEL = "-O";
				VALIDATE_PRODUCT = YES;
			};
			name = Release;
		};
		DCE2D1CD279694750018895F /* Debug */ = {
			isa = XCBuildConfiguration;
			buildSettings = {
				ASSETCATALOG_COMPILER_APPICON_NAME = AppIcon;
				ASSETCATALOG_COMPILER_GLOBAL_ACCENT_COLOR_NAME = AccentColor;
				CODE_SIGN_ENTITLEMENTS = SeSAC_Friends/SeSAC_Friends.entitlements;
				CODE_SIGN_STYLE = Automatic;
				CURRENT_PROJECT_VERSION = 1;
				DEVELOPMENT_TEAM = 2EZ5QWFYX2;
				GENERATE_INFOPLIST_FILE = YES;
				INFOPLIST_FILE = SeSAC_Friends/Info.plist;
				INFOPLIST_KEY_NSLocationWhenInUseUsageDescription = "주변의 새싹 친구를 찾기 위해 이 권한이 필요합니다.";
				INFOPLIST_KEY_UIApplicationSupportsIndirectInputEvents = YES;
				INFOPLIST_KEY_UILaunchStoryboardName = LaunchScreen;
				INFOPLIST_KEY_UISupportedInterfaceOrientations_iPad = "UIInterfaceOrientationPortrait UIInterfaceOrientationPortraitUpsideDown UIInterfaceOrientationLandscapeLeft UIInterfaceOrientationLandscapeRight";
				INFOPLIST_KEY_UISupportedInterfaceOrientations_iPhone = "UIInterfaceOrientationPortrait UIInterfaceOrientationLandscapeLeft UIInterfaceOrientationLandscapeRight";
				LD_RUNPATH_SEARCH_PATHS = (
					"$(inherited)",
					"@executable_path/Frameworks",
				);
				MARKETING_VERSION = 1.0;
				PRODUCT_BUNDLE_IDENTIFIER = com.memolease.sesac1;
				PRODUCT_NAME = "$(TARGET_NAME)";
				SWIFT_EMIT_LOC_STRINGS = YES;
				SWIFT_VERSION = 5.0;
				TARGETED_DEVICE_FAMILY = "1,2";
			};
			name = Debug;
		};
		DCE2D1CE279694750018895F /* Release */ = {
			isa = XCBuildConfiguration;
			buildSettings = {
				ASSETCATALOG_COMPILER_APPICON_NAME = AppIcon;
				ASSETCATALOG_COMPILER_GLOBAL_ACCENT_COLOR_NAME = AccentColor;
				CODE_SIGN_ENTITLEMENTS = SeSAC_Friends/SeSAC_Friends.entitlements;
				CODE_SIGN_STYLE = Automatic;
				CURRENT_PROJECT_VERSION = 1;
				DEVELOPMENT_TEAM = 2EZ5QWFYX2;
				GENERATE_INFOPLIST_FILE = YES;
				INFOPLIST_FILE = SeSAC_Friends/Info.plist;
				INFOPLIST_KEY_NSLocationWhenInUseUsageDescription = "주변의 새싹 친구를 찾기 위해 이 권한이 필요합니다.";
				INFOPLIST_KEY_UIApplicationSupportsIndirectInputEvents = YES;
				INFOPLIST_KEY_UILaunchStoryboardName = LaunchScreen;
				INFOPLIST_KEY_UISupportedInterfaceOrientations_iPad = "UIInterfaceOrientationPortrait UIInterfaceOrientationPortraitUpsideDown UIInterfaceOrientationLandscapeLeft UIInterfaceOrientationLandscapeRight";
				INFOPLIST_KEY_UISupportedInterfaceOrientations_iPhone = "UIInterfaceOrientationPortrait UIInterfaceOrientationLandscapeLeft UIInterfaceOrientationLandscapeRight";
				LD_RUNPATH_SEARCH_PATHS = (
					"$(inherited)",
					"@executable_path/Frameworks",
				);
				MARKETING_VERSION = 1.0;
				PRODUCT_BUNDLE_IDENTIFIER = com.memolease.sesac1;
				PRODUCT_NAME = "$(TARGET_NAME)";
				SWIFT_EMIT_LOC_STRINGS = YES;
				SWIFT_VERSION = 5.0;
				TARGETED_DEVICE_FAMILY = "1,2";
			};
			name = Release;
		};
/* End XCBuildConfiguration section */

/* Begin XCConfigurationList section */
		DCE2D1B3279694720018895F /* Build configuration list for PBXProject "SeSAC_Friends" */ = {
			isa = XCConfigurationList;
			buildConfigurations = (
				DCE2D1CA279694750018895F /* Debug */,
				DCE2D1CB279694750018895F /* Release */,
			);
			defaultConfigurationIsVisible = 0;
			defaultConfigurationName = Release;
		};
		DCE2D1CC279694750018895F /* Build configuration list for PBXNativeTarget "SeSAC_Friends" */ = {
			isa = XCConfigurationList;
			buildConfigurations = (
				DCE2D1CD279694750018895F /* Debug */,
				DCE2D1CE279694750018895F /* Release */,
			);
			defaultConfigurationIsVisible = 0;
			defaultConfigurationName = Release;
		};
/* End XCConfigurationList section */

/* Begin XCRemoteSwiftPackageReference section */
		DC68264B27C6700800B7F49E /* XCRemoteSwiftPackageReference "socket.io-client-swift" */ = {
			isa = XCRemoteSwiftPackageReference;
			repositoryURL = "https://github.com/socketio/socket.io-client-swift.git";
			requirement = {
				kind = exactVersion;
				version = 15.2.0;
			};
		};
		DC68265227C9125B00B7F49E /* XCRemoteSwiftPackageReference "RxKeyboard" */ = {
			isa = XCRemoteSwiftPackageReference;
			repositoryURL = "https://github.com/RxSwiftCommunity/RxKeyboard.git";
			requirement = {
				kind = upToNextMajorVersion;
				minimumVersion = 2.0.0;
			};
		};
		DC68265A27C9E7CE00B7F49E /* XCRemoteSwiftPackageReference "JGProgressHUD" */ = {
			isa = XCRemoteSwiftPackageReference;
			repositoryURL = "https://github.com/JonasGessner/JGProgressHUD.git";
			requirement = {
				kind = upToNextMajorVersion;
				minimumVersion = 2.0.0;
			};
		};
		DC6E9F6E27C36505009D2DAD /* XCRemoteSwiftPackageReference "Alamofire" */ = {
			isa = XCRemoteSwiftPackageReference;
			repositoryURL = "https://github.com/Alamofire/Alamofire.git";
			requirement = {
				branch = master;
				kind = branch;
			};
		};
		DCA1AAB7279D7B4F002194B4 /* XCRemoteSwiftPackageReference "firebase-ios-sdk" */ = {
			isa = XCRemoteSwiftPackageReference;
			repositoryURL = "https://github.com/firebase/firebase-ios-sdk";
			requirement = {
				branch = master;
				kind = branch;
			};
		};
		DCCF9AB427EC5EB400B07300 /* XCRemoteSwiftPackageReference "realm-cocoa" */ = {
			isa = XCRemoteSwiftPackageReference;
			repositoryURL = "https://github.com/realm/realm-cocoa.git";
			requirement = {
				kind = exactVersion;
				version = 10.24.0;
			};
		};
		DCDE36612799A0010077847C /* XCRemoteSwiftPackageReference "Toast-Swift" */ = {
			isa = XCRemoteSwiftPackageReference;
			repositoryURL = "https://github.com/scalessec/Toast-Swift.git";
			requirement = {
				branch = master;
				kind = branch;
			};
		};
		DCE2D1D627969AE00018895F /* XCRemoteSwiftPackageReference "SnapKit" */ = {
			isa = XCRemoteSwiftPackageReference;
			repositoryURL = "https://github.com/SnapKit/SnapKit.git";
			requirement = {
				branch = develop;
				kind = branch;
			};
		};
		DCE2D1FE27985D5F0018895F /* XCRemoteSwiftPackageReference "RxSwift" */ = {
			isa = XCRemoteSwiftPackageReference;
			repositoryURL = "https://github.com/ReactiveX/RxSwift.git";
			requirement = {
				branch = main;
				kind = branch;
			};
		};
		DCE678DF27A2DC0D00ACB1A7 /* XCRemoteSwiftPackageReference "MultiSlider" */ = {
			isa = XCRemoteSwiftPackageReference;
			repositoryURL = "https://github.com/yonat/MultiSlider.git";
			requirement = {
				kind = upToNextMajorVersion;
				minimumVersion = 1.0.0;
			};
		};
/* End XCRemoteSwiftPackageReference section */

/* Begin XCSwiftPackageProductDependency section */
		DC68264C27C6700800B7F49E /* SocketIO */ = {
			isa = XCSwiftPackageProductDependency;
			package = DC68264B27C6700800B7F49E /* XCRemoteSwiftPackageReference "socket.io-client-swift" */;
			productName = SocketIO;
		};
		DC68265327C9125C00B7F49E /* RxKeyboard */ = {
			isa = XCSwiftPackageProductDependency;
			package = DC68265227C9125B00B7F49E /* XCRemoteSwiftPackageReference "RxKeyboard" */;
			productName = RxKeyboard;
		};
		DC68265B27C9E7CE00B7F49E /* JGProgressHUD */ = {
			isa = XCSwiftPackageProductDependency;
			package = DC68265A27C9E7CE00B7F49E /* XCRemoteSwiftPackageReference "JGProgressHUD" */;
			productName = JGProgressHUD;
		};
		DC6E9F6F27C36505009D2DAD /* Alamofire */ = {
			isa = XCSwiftPackageProductDependency;
			package = DC6E9F6E27C36505009D2DAD /* XCRemoteSwiftPackageReference "Alamofire" */;
			productName = Alamofire;
		};
		DCA1AAB8279D7B4F002194B4 /* FirebaseAuth */ = {
			isa = XCSwiftPackageProductDependency;
			package = DCA1AAB7279D7B4F002194B4 /* XCRemoteSwiftPackageReference "firebase-ios-sdk" */;
			productName = FirebaseAuth;
		};
		DCA1AABA279D7B4F002194B4 /* FirebaseMessaging */ = {
			isa = XCSwiftPackageProductDependency;
			package = DCA1AAB7279D7B4F002194B4 /* XCRemoteSwiftPackageReference "firebase-ios-sdk" */;
			productName = FirebaseMessaging;
		};
		DCCF9AB527EC5EB500B07300 /* Realm */ = {
			isa = XCSwiftPackageProductDependency;
			package = DCCF9AB427EC5EB400B07300 /* XCRemoteSwiftPackageReference "realm-cocoa" */;
			productName = Realm;
		};
		DCCF9AB727EC5EB500B07300 /* RealmSwift */ = {
			isa = XCSwiftPackageProductDependency;
			package = DCCF9AB427EC5EB400B07300 /* XCRemoteSwiftPackageReference "realm-cocoa" */;
			productName = RealmSwift;
		};
		DCDE36622799A0010077847C /* Toast */ = {
			isa = XCSwiftPackageProductDependency;
			package = DCDE36612799A0010077847C /* XCRemoteSwiftPackageReference "Toast-Swift" */;
			productName = Toast;
		};
		DCE2D1D727969AE10018895F /* SnapKit */ = {
			isa = XCSwiftPackageProductDependency;
			package = DCE2D1D627969AE00018895F /* XCRemoteSwiftPackageReference "SnapKit" */;
			productName = SnapKit;
		};
		DCE2D1FF27985D5F0018895F /* RxCocoa */ = {
			isa = XCSwiftPackageProductDependency;
			package = DCE2D1FE27985D5F0018895F /* XCRemoteSwiftPackageReference "RxSwift" */;
			productName = RxCocoa;
		};
		DCE2D20127985D5F0018895F /* RxSwift */ = {
			isa = XCSwiftPackageProductDependency;
			package = DCE2D1FE27985D5F0018895F /* XCRemoteSwiftPackageReference "RxSwift" */;
			productName = RxSwift;
		};
		DCE678E027A2DC0D00ACB1A7 /* MultiSlider */ = {
			isa = XCSwiftPackageProductDependency;
			package = DCE678DF27A2DC0D00ACB1A7 /* XCRemoteSwiftPackageReference "MultiSlider" */;
			productName = MultiSlider;
		};
/* End XCSwiftPackageProductDependency section */
	};
	rootObject = DCE2D1B0279694720018895F /* Project object */;
}
